<?xml version="1.0" encoding="utf-8"?>
<Project ToolsVersion="4.0" xmlns="http://schemas.microsoft.com/developer/msbuild/2003">
  <ItemGroup>
    <ClCompile Include="main.cpp" />
    <ClCompile Include="EditorApplication.cpp" />
  </ItemGroup>
  <ItemGroup>
    <FxCompile Include="Resources\Shader\BasicShader.hlsl">
      <Filter>Resources\Shader</Filter>
    </FxCompile>
    <FxCompile Include="Resources\Shader\UIShader.hlsl">
      <Filter>Resources\Shader</Filter>
    </FxCompile>
  </ItemGroup>
  <ItemGroup>
    <Filter Include="Resources">
      <UniqueIdentifier>{72dd4bb0-6cd0-49d6-a037-d5a53abdcf51}</UniqueIdentifier>
    </Filter>
    <Filter Include="Resources\Shader">
      <UniqueIdentifier>{593bdd33-3d95-4c13-a6d9-8278dcd1ab7f}</UniqueIdentifier>
    </Filter>
  </ItemGroup>
  <ItemGroup>
    <ClInclude Include="EditorApplication.h" />
  </ItemGroup>
  <ItemGroup>
    <None Include=".editorconfig" />
    <None Include="packages.config" />
  </ItemGroup>
</Project>