
Microsoft Visual Studio Solution File, Format Version 12.00
# Visual Studio Version 17
VisualStudioVersion = 17.0.31710.8
MinimumVisualStudioVersion = 10.0.40219.1
Project("{8BC9CEB8-8B4A-11D0-8D11-00A0C91BC942}") = "DX12Base", "DX12Base\DX12Base.vcxproj", "{C1E6D91C-69AD-49DA-81C5-02A4017700C2}"
EndProject
Project("{8BC9CEB8-8B4A-11D0-8D11-00A0C91BC942}") = "Core", "Core\Core.vcxproj", "{A2A52466-F5D9-4FFF-B608-7A24285A2ABB}"
EndProject
Project("{8BC9CEB8-8B4A-11D0-8D11-00A0C91BC942}") = "UnitTest", "UnitTest\UnitTest.vcxproj", "{DF0E8BC6-1B60-455B-BD5A-A5741B8D1695}"
EndProject
Project("{8BC9CEB8-8B4A-11D0-8D11-00A0C91BC942}") = "GoogleUnitTest", "GoogleUnitTest\GoogleUnitTest.vcxproj", "{F4AFCCCA-2AE7-40FC-8702-B8E80F184DCF}"
EndProject
Global
	GlobalSection(SolutionConfigurationPlatforms) = preSolution
		Debug|Any CPU = Debug|Any CPU
		Debug|x64 = Debug|x64
		Debug|x86 = Debug|x86
		Release|Any CPU = Release|Any CPU
		Release|x64 = Release|x64
		Release|x86 = Release|x86
	EndGlobalSection
	GlobalSection(ProjectConfigurationPlatforms) = postSolution
		{C1E6D91C-69AD-49DA-81C5-02A4017700C2}.Debug|Any CPU.ActiveCfg = Debug|x64
		{C1E6D91C-69AD-49DA-81C5-02A4017700C2}.Debug|Any CPU.Build.0 = Debug|x64
		{C1E6D91C-69AD-49DA-81C5-02A4017700C2}.Debug|x64.ActiveCfg = Debug|x64
		{C1E6D91C-69AD-49DA-81C5-02A4017700C2}.Debug|x64.Build.0 = Debug|x64
		{C1E6D91C-69AD-49DA-81C5-02A4017700C2}.Debug|x86.ActiveCfg = Debug|Win32
		{C1E6D91C-69AD-49DA-81C5-02A4017700C2}.Debug|x86.Build.0 = Debug|Win32
		{C1E6D91C-69AD-49DA-81C5-02A4017700C2}.Release|Any CPU.ActiveCfg = Release|x64
		{C1E6D91C-69AD-49DA-81C5-02A4017700C2}.Release|Any CPU.Build.0 = Release|x64
		{C1E6D91C-69AD-49DA-81C5-02A4017700C2}.Release|x64.ActiveCfg = Release|x64
		{C1E6D91C-69AD-49DA-81C5-02A4017700C2}.Release|x64.Build.0 = Release|x64
		{C1E6D91C-69AD-49DA-81C5-02A4017700C2}.Release|x86.ActiveCfg = Release|Win32
		{C1E6D91C-69AD-49DA-81C5-02A4017700C2}.Release|x86.Build.0 = Release|Win32
		{A2A52466-F5D9-4FFF-B608-7A24285A2ABB}.Debug|Any CPU.ActiveCfg = Debug|x64
		{A2A52466-F5D9-4FFF-B608-7A24285A2ABB}.Debug|Any CPU.Build.0 = Debug|x64
		{A2A52466-F5D9-4FFF-B608-7A24285A2ABB}.Debug|x64.ActiveCfg = Debug|x64
		{A2A52466-F5D9-4FFF-B608-7A24285A2ABB}.Debug|x64.Build.0 = Debug|x64
		{A2A52466-F5D9-4FFF-B608-7A24285A2ABB}.Debug|x86.ActiveCfg = Debug|Win32
		{A2A52466-F5D9-4FFF-B608-7A24285A2ABB}.Debug|x86.Build.0 = Debug|Win32
		{A2A52466-F5D9-4FFF-B608-7A24285A2ABB}.Release|Any CPU.ActiveCfg = Release|x64
		{A2A52466-F5D9-4FFF-B608-7A24285A2ABB}.Release|Any CPU.Build.0 = Release|x64
		{A2A52466-F5D9-4FFF-B608-7A24285A2ABB}.Release|x64.ActiveCfg = Release|x64
		{A2A52466-F5D9-4FFF-B608-7A24285A2ABB}.Release|x64.Build.0 = Release|x64
		{A2A52466-F5D9-4FFF-B608-7A24285A2ABB}.Release|x86.ActiveCfg = Release|Win32
		{A2A52466-F5D9-4FFF-B608-7A24285A2ABB}.Release|x86.Build.0 = Release|Win32
		{DF0E8BC6-1B60-455B-BD5A-A5741B8D1695}.Debug|Any CPU.ActiveCfg = Debug|x64
		{DF0E8BC6-1B60-455B-BD5A-A5741B8D1695}.Debug|Any CPU.Build.0 = Debug|x64
		{DF0E8BC6-1B60-455B-BD5A-A5741B8D1695}.Debug|x64.ActiveCfg = Debug|x64
		{DF0E8BC6-1B60-455B-BD5A-A5741B8D1695}.Debug|x64.Build.0 = Debug|x64
		{DF0E8BC6-1B60-455B-BD5A-A5741B8D1695}.Debug|x86.ActiveCfg = Debug|Win32
		{DF0E8BC6-1B60-455B-BD5A-A5741B8D1695}.Debug|x86.Build.0 = Debug|Win32
		{DF0E8BC6-1B60-455B-BD5A-A5741B8D1695}.Release|Any CPU.ActiveCfg = Release|x64
		{DF0E8BC6-1B60-455B-BD5A-A5741B8D1695}.Release|Any CPU.Build.0 = Release|x64
		{DF0E8BC6-1B60-455B-BD5A-A5741B8D1695}.Release|x64.ActiveCfg = Release|x64
		{DF0E8BC6-1B60-455B-BD5A-A5741B8D1695}.Release|x64.Build.0 = Release|x64
		{DF0E8BC6-1B60-455B-BD5A-A5741B8D1695}.Release|x86.ActiveCfg = Release|Win32
		{DF0E8BC6-1B60-455B-BD5A-A5741B8D1695}.Release|x86.Build.0 = Release|Win32
		{F4AFCCCA-2AE7-40FC-8702-B8E80F184DCF}.Debug|Any CPU.ActiveCfg = Debug|x64
		{F4AFCCCA-2AE7-40FC-8702-B8E80F184DCF}.Debug|Any CPU.Build.0 = Debug|x64
		{F4AFCCCA-2AE7-40FC-8702-B8E80F184DCF}.Debug|x64.ActiveCfg = Debug|x64
		{F4AFCCCA-2AE7-40FC-8702-B8E80F184DCF}.Debug|x64.Build.0 = Debug|x64
		{F4AFCCCA-2AE7-40FC-8702-B8E80F184DCF}.Debug|x86.ActiveCfg = Debug|Win32
		{F4AFCCCA-2AE7-40FC-8702-B8E80F184DCF}.Debug|x86.Build.0 = Debug|Win32
		{F4AFCCCA-2AE7-40FC-8702-B8E80F184DCF}.Release|Any CPU.ActiveCfg = Release|x64
		{F4AFCCCA-2AE7-40FC-8702-B8E80F184DCF}.Release|Any CPU.Build.0 = Release|x64
		{F4AFCCCA-2AE7-40FC-8702-B8E80F184DCF}.Release|x64.ActiveCfg = Release|x64
		{F4AFCCCA-2AE7-40FC-8702-B8E80F184DCF}.Release|x64.Build.0 = Release|x64
		{F4AFCCCA-2AE7-40FC-8702-B8E80F184DCF}.Release|x86.ActiveCfg = Release|Win32
		{F4AFCCCA-2AE7-40FC-8702-B8E80F184DCF}.Release|x86.Build.0 = Release|Win32
	EndGlobalSection
	GlobalSection(SolutionProperties) = preSolution
		HideSolutionNode = FALSE
	EndGlobalSection
	GlobalSection(ExtensibilityGlobals) = postSolution
		SolutionGuid = {E08A2250-A303-457B-9C8F-33DE0C97E4B4}
	EndGlobalSection
EndGlobal
