<?xml version="1.0" encoding="utf-8"?>
<Project ToolsVersion="4.0" xmlns="http://schemas.microsoft.com/developer/msbuild/2003">
  <ItemGroup>
    <ClCompile Include="Common\WMThread.cpp">
      <Filter>Common</Filter>
    </ClCompile>
    <ClCompile Include="Common\Private\Win32\ThreadContext.cpp">
      <Filter>Common\Private\Win32</Filter>
    </ClCompile>
    <ClCompile Include="UI\imgui\imgui.cpp">
      <Filter>UI\imgui</Filter>
    </ClCompile>
    <ClCompile Include="UI\imgui\imgui_demo.cpp">
      <Filter>UI\imgui</Filter>
    </ClCompile>
    <ClCompile Include="UI\imgui\imgui_draw.cpp">
      <Filter>UI\imgui</Filter>
    </ClCompile>
    <ClCompile Include="UI\imgui\imgui_tables.cpp">
      <Filter>UI\imgui</Filter>
    </ClCompile>
    <ClCompile Include="UI\imgui\imgui_widgets.cpp">
      <Filter>UI\imgui</Filter>
    </ClCompile>
    <ClCompile Include="UI\imgui\backends\imgui_impl_dx10.cpp">
      <Filter>UI\imgui\backends</Filter>
    </ClCompile>
    <ClCompile Include="UI\imgui\backends\imgui_impl_dx11.cpp">
      <Filter>UI\imgui\backends</Filter>
    </ClCompile>
    <ClCompile Include="UI\imgui\backends\imgui_impl_dx12.cpp">
      <Filter>UI\imgui\backends</Filter>
    </ClCompile>
    <ClCompile Include="UI\imgui\backends\imgui_impl_dx9.cpp">
      <Filter>UI\imgui\backends</Filter>
    </ClCompile>
    <ClCompile Include="UI\imgui\backends\imgui_impl_win32.cpp">
      <Filter>UI\imgui\backends</Filter>
    </ClCompile>
    <ClCompile Include="Graphics\WMGraphicsDevice.cpp">
      <Filter>Graphics</Filter>
    </ClCompile>
    <ClCompile Include="Graphics\WMCamera.cpp">
      <Filter>Graphics</Filter>
    </ClCompile>
    <ClCompile Include="Graphics\Private\DX12\CopyCommandEncoder.cpp">
      <Filter>Graphics\Private\DX12</Filter>
    </ClCompile>
    <ClCompile Include="Graphics\Private\DX12\CommandBuffer.cpp">
      <Filter>Graphics\Private\DX12</Filter>
    </ClCompile>
    <ClCompile Include="Graphics\Private\DX12\Shader.cpp">
      <Filter>Graphics\Private\DX12</Filter>
    </ClCompile>
    <ClCompile Include="Graphics\Private\DX12\GPUBuffer.cpp">
      <Filter>Graphics\Private\DX12</Filter>
    </ClCompile>
    <ClCompile Include="Graphics\Private\DX12\CommandQueue.cpp">
      <Filter>Graphics\Private\DX12</Filter>
    </ClCompile>
    <ClCompile Include="Graphics\Private\DX12\GraphicsDeviceContext.cpp">
      <Filter>Graphics\Private\DX12</Filter>
    </ClCompile>
    <ClCompile Include="Graphics\Private\DX12\SwapChain.cpp">
      <Filter>Graphics\Private\DX12</Filter>
    </ClCompile>
    <ClCompile Include="Graphics\Private\DX12\Texture.cpp">
      <Filter>Graphics\Private\DX12</Filter>
    </ClCompile>
    <ClCompile Include="Graphics\Private\DX12\RenderCommandEncoder.cpp">
      <Filter>Graphics\Private\DX12</Filter>
    </ClCompile>
    <ClCompile Include="Graphics\Private\DX12\RenderPipeline.cpp">
      <Filter>Graphics\Private\DX12</Filter>
    </ClCompile>
    <ClCompile Include="Graphics\Primitive\WMViewport.cpp">
      <Filter>Graphics\Primitive</Filter>
    </ClCompile>
    <ClCompile Include="Graphics\Primitive\WMColor.cpp">
      <Filter>Graphics\Primitive</Filter>
    </ClCompile>
    <ClCompile Include="Graphics\Primitive\WMRect.cpp">
      <Filter>Graphics\Primitive</Filter>
    </ClCompile>
    <ClCompile Include="Graphics\Primitive\WMQuad.cpp">
      <Filter>Graphics\Primitive</Filter>
    </ClCompile>
    <ClCompile Include="Graphics\Primitive\WMPoint.cpp">
      <Filter>Graphics\Primitive</Filter>
    </ClCompile>
    <ClCompile Include="Graphics\Primitive\WMSize.cpp">
      <Filter>Graphics\Primitive</Filter>
    </ClCompile>
    <ClCompile Include="Graphics\Geometry\WMGeometryFactory.cpp">
      <Filter>Graphics\Geometry</Filter>
    </ClCompile>
    <ClCompile Include="IO\File\WMFile.cpp">
      <Filter>IO\File</Filter>
    </ClCompile>
    <ClCompile Include="Application\WMApplication.cpp">
      <Filter>Application</Filter>
    </ClCompile>
    <ClCompile Include="Application\Private\Win32\ApplicationContext.cpp">
      <Filter>Application\Private\Win32</Filter>
    </ClCompile>
    <ClCompile Include="Object\WMRefCounter.cpp">
      <Filter>Object</Filter>
    </ClCompile>
    <ClCompile Include="Math\WMAffineTransform2.cpp">
      <Filter>Math</Filter>
    </ClCompile>
    <ClCompile Include="Math\WMAffineTransform3.cpp">
      <Filter>Math</Filter>
    </ClCompile>
    <ClCompile Include="Math\WMLinearTransform2.cpp">
      <Filter>Math</Filter>
    </ClCompile>
    <ClCompile Include="Math\WMLinearTransform3.cpp">
      <Filter>Math</Filter>
    </ClCompile>
    <ClCompile Include="Math\WMMatrix2.cpp">
      <Filter>Math</Filter>
    </ClCompile>
    <ClCompile Include="Math\WMMatrix3.cpp">
      <Filter>Math</Filter>
    </ClCompile>
    <ClCompile Include="Math\WMMatrix4.cpp">
      <Filter>Math</Filter>
    </ClCompile>
    <ClCompile Include="Math\WMVector2.cpp">
      <Filter>Math</Filter>
    </ClCompile>
    <ClCompile Include="Math\WMVector3.cpp">
      <Filter>Math</Filter>
    </ClCompile>
    <ClCompile Include="Math\WMVector4.cpp">
      <Filter>Math</Filter>
    </ClCompile>
    <ClCompile Include="Math\WMVector2Int.cpp">
      <Filter>Math</Filter>
    </ClCompile>
    <ClCompile Include="Math\WMVector3Int.cpp">
      <Filter>Math</Filter>
    </ClCompile>
    <ClCompile Include="Math\WMVector4Int.cpp">
      <Filter>Math</Filter>
    </ClCompile>
    <ClCompile Include="Window\Private\Win32\WindowContext.cpp">
      <Filter>Window\Private\Win32</Filter>
    </ClCompile>
    <ClCompile Include="Log\WMLog.cpp">
      <Filter>Log</Filter>
    </ClCompile>
    <ClCompile Include="Log\WMLogVariant.cpp">
      <Filter>Log</Filter>
    </ClCompile>
    <ClCompile Include="UI\WMRectTransform.cpp">
      <Filter>UI</Filter>
    </ClCompile>
  </ItemGroup>
  <ItemGroup>
    <ClInclude Include="WMFramework.h" />
    <ClInclude Include="Common\WMThread.h">
      <Filter>Common</Filter>
    </ClInclude>
    <ClInclude Include="Common\Private\Win32\ThreadContext.h">
      <Filter>Common\Private\Win32</Filter>
    </ClInclude>
    <ClInclude Include="UI\imgui\imconfig.h">
      <Filter>UI\imgui</Filter>
    </ClInclude>
    <ClInclude Include="UI\imgui\imgui.h">
      <Filter>UI\imgui</Filter>
    </ClInclude>
    <ClInclude Include="UI\imgui\imgui_internal.h">
      <Filter>UI\imgui</Filter>
    </ClInclude>
    <ClInclude Include="UI\imgui\imstb_rectpack.h">
      <Filter>UI\imgui</Filter>
    </ClInclude>
    <ClInclude Include="UI\imgui\imstb_textedit.h">
      <Filter>UI\imgui</Filter>
    </ClInclude>
    <ClInclude Include="UI\imgui\imstb_truetype.h">
      <Filter>UI\imgui</Filter>
    </ClInclude>
    <ClInclude Include="UI\imgui\backends\imgui_impl_dx10.h">
      <Filter>UI\imgui\backends</Filter>
    </ClInclude>
    <ClInclude Include="UI\imgui\backends\imgui_impl_dx11.h">
      <Filter>UI\imgui\backends</Filter>
    </ClInclude>
    <ClInclude Include="UI\imgui\backends\imgui_impl_dx12.h">
      <Filter>UI\imgui\backends</Filter>
    </ClInclude>
    <ClInclude Include="UI\imgui\backends\imgui_impl_dx9.h">
      <Filter>UI\imgui\backends</Filter>
    </ClInclude>
    <ClInclude Include="UI\imgui\backends\imgui_impl_win32.h">
      <Filter>UI\imgui\backends</Filter>
    </ClInclude>
    <ClInclude Include="Graphics\WMBlendState.h">
      <Filter>Graphics</Filter>
    </ClInclude>
    <ClInclude Include="Graphics\WMCommandBuffer.h">
      <Filter>Graphics</Filter>
    </ClInclude>
    <ClInclude Include="Graphics\WMRenderCommandEncoder.h">
      <Filter>Graphics</Filter>
    </ClInclude>
    <ClInclude Include="Graphics\WMRenderPipeline.h">
      <Filter>Graphics</Filter>
    </ClInclude>
    <ClInclude Include="Graphics\WMVertexDescriptor.h">
      <Filter>Graphics</Filter>
    </ClInclude>
    <ClInclude Include="Graphics\WMCopyCommandEncoder.h">
      <Filter>Graphics</Filter>
    </ClInclude>
    <ClInclude Include="Graphics\WMCamera.h">
      <Filter>Graphics</Filter>
    </ClInclude>
    <ClInclude Include="Graphics\WMGPUBuffer.h">
      <Filter>Graphics</Filter>
    </ClInclude>
    <ClInclude Include="Graphics\WMTexture.h">
      <Filter>Graphics</Filter>
    </ClInclude>
    <ClInclude Include="Graphics\WMCommandQueue.h">
      <Filter>Graphics</Filter>
    </ClInclude>
    <ClInclude Include="Graphics\WMGraphicsDevice.h">
      <Filter>Graphics</Filter>
    </ClInclude>
    <ClInclude Include="Graphics\WMSwapChain.h">
      <Filter>Graphics</Filter>
    </ClInclude>
    <ClInclude Include="Graphics\WMShader.h">
      <Filter>Graphics</Filter>
    </ClInclude>
    <ClInclude Include="Graphics\Private\GraphicsDeviceFactory.h">
      <Filter>Graphics\Private</Filter>
    </ClInclude>
    <ClInclude Include="Graphics\Private\DX12\CopyCommandEncoder.h">
      <Filter>Graphics\Private\DX12</Filter>
    </ClInclude>
    <ClInclude Include="Graphics\Private\DX12\CommandBuffer.h">
      <Filter>Graphics\Private\DX12</Filter>
    </ClInclude>
    <ClInclude Include="Graphics\Private\DX12\Shader.h">
      <Filter>Graphics\Private\DX12</Filter>
    </ClInclude>
    <ClInclude Include="Graphics\Private\DX12\Type.h">
      <Filter>Graphics\Private\DX12</Filter>
    </ClInclude>
    <ClInclude Include="Graphics\Private\DX12\RenderCommandEncoder.h">
      <Filter>Graphics\Private\DX12</Filter>
    </ClInclude>
    <ClInclude Include="Graphics\Private\DX12\RenderPipeline.h">
      <Filter>Graphics\Private\DX12</Filter>
    </ClInclude>
    <ClInclude Include="Graphics\Private\DX12\GPUBuffer.h">
      <Filter>Graphics\Private\DX12</Filter>
    </ClInclude>
    <ClInclude Include="Graphics\Private\DX12\d3dx12.h">
      <Filter>Graphics\Private\DX12</Filter>
    </ClInclude>
    <ClInclude Include="Graphics\Private\DX12\CommandQueue.h">
      <Filter>Graphics\Private\DX12</Filter>
    </ClInclude>
    <ClInclude Include="Graphics\Private\DX12\d3d12_include.h">
      <Filter>Graphics\Private\DX12</Filter>
    </ClInclude>
    <ClInclude Include="Graphics\Private\DX12\GraphicsDeviceContext.h">
      <Filter>Graphics\Private\DX12</Filter>
    </ClInclude>
    <ClInclude Include="Graphics\Private\DX12\SwapChain.h">
      <Filter>Graphics\Private\DX12</Filter>
    </ClInclude>
    <ClInclude Include="Graphics\Private\DX12\Texture.h">
      <Filter>Graphics\Private\DX12</Filter>
    </ClInclude>
    <ClInclude Include="Graphics\Primitive\WMViewport.h">
      <Filter>Graphics\Primitive</Filter>
    </ClInclude>
    <ClInclude Include="Graphics\Primitive\WMColor.h">
      <Filter>Graphics\Primitive</Filter>
    </ClInclude>
    <ClInclude Include="Graphics\Primitive\WMRect.h">
      <Filter>Graphics\Primitive</Filter>
    </ClInclude>
    <ClInclude Include="Graphics\Primitive\WMQuad.h">
      <Filter>Graphics\Primitive</Filter>
    </ClInclude>
    <ClInclude Include="Graphics\Primitive\WMPoint.h">
      <Filter>Graphics\Primitive</Filter>
    </ClInclude>
    <ClInclude Include="Graphics\Primitive\WMSize.h">
      <Filter>Graphics\Primitive</Filter>
    </ClInclude>
    <ClInclude Include="Graphics\Geometry\WMGeometryFactory.h">
      <Filter>Graphics\Geometry</Filter>
    </ClInclude>
    <ClInclude Include="Graphics\Geometry\WMMesh.h">
      <Filter>Graphics\Geometry</Filter>
    </ClInclude>
    <ClInclude Include="Graphics\Geometry\WMVertex.h">
      <Filter>Graphics\Geometry</Filter>
    </ClInclude>
    <ClInclude Include="IO\File\WMFileHandle.h">
      <Filter>IO\File</Filter>
    </ClInclude>
    <ClInclude Include="IO\File\WMFile.h">
      <Filter>IO\File</Filter>
    </ClInclude>
    <ClInclude Include="IO\File\Private\FileHandle.h">
      <Filter>IO\File\Private</Filter>
    </ClInclude>
    <ClInclude Include="Application\WMApplication.h">
      <Filter>Application</Filter>
    </ClInclude>
    <ClInclude Include="Application\WMApplicationContext.h">
      <Filter>Application</Filter>
    </ClInclude>
    <ClInclude Include="Application\Private\ApplicationContextFactory.h">
      <Filter>Application\Private</Filter>
    </ClInclude>
    <ClInclude Include="Application\Private\Win32\ApplicationContext.h">
      <Filter>Application\Private\Win32</Filter>
    </ClInclude>
    <ClInclude Include="Object\WMObject.h">
      <Filter>Object</Filter>
    </ClInclude>
    <ClInclude Include="Object\WMRefCounter.h">
      <Filter>Object</Filter>
    </ClInclude>
    <ClInclude Include="Math\WMAffineTransform2.h">
      <Filter>Math</Filter>
    </ClInclude>
    <ClInclude Include="Math\WMAffineTransform3.h">
      <Filter>Math</Filter>
    </ClInclude>
    <ClInclude Include="Math\WMLinearTransform2.h">
      <Filter>Math</Filter>
    </ClInclude>
    <ClInclude Include="Math\WMLinearTransform3.h">
      <Filter>Math</Filter>
    </ClInclude>
    <ClInclude Include="Math\WMMath.h">
      <Filter>Math</Filter>
    </ClInclude>
    <ClInclude Include="Math\WMMatrix2.h">
      <Filter>Math</Filter>
    </ClInclude>
    <ClInclude Include="Math\WMMatrix3.h">
      <Filter>Math</Filter>
    </ClInclude>
    <ClInclude Include="Math\WMMatrix4.h">
      <Filter>Math</Filter>
    </ClInclude>
    <ClInclude Include="Math\WMVector2.h">
      <Filter>Math</Filter>
    </ClInclude>
    <ClInclude Include="Math\WMVector3.h">
      <Filter>Math</Filter>
    </ClInclude>
    <ClInclude Include="Math\WMVector4.h">
      <Filter>Math</Filter>
    </ClInclude>
    <ClInclude Include="Math\WMVector2Int.h">
      <Filter>Math</Filter>
    </ClInclude>
    <ClInclude Include="Math\WMVector3Int.h">
      <Filter>Math</Filter>
    </ClInclude>
    <ClInclude Include="Math\WMVector4Int.h">
      <Filter>Math</Filter>
    </ClInclude>
    <ClInclude Include="Window\WMWindow.h">
      <Filter>Window</Filter>
    </ClInclude>
    <ClInclude Include="Window\Private\WindowFactory.h">
      <Filter>Window\Private</Filter>
    </ClInclude>
    <ClInclude Include="Window\Private\Win32\WindowContext.h">
      <Filter>Window\Private\Win32</Filter>
    </ClInclude>
    <ClInclude Include="Log\WMLog.h">
      <Filter>Log</Filter>
    </ClInclude>
    <ClInclude Include="Log\WMLogVariant.h">
      <Filter>Log</Filter>
    </ClInclude>
    <ClInclude Include="UI\WMRectTransform.h">
      <Filter>UI</Filter>
    </ClInclude>
  </ItemGroup>
  <ItemGroup>
    <None Include=".editorconfig" />
  </ItemGroup>
  <ItemGroup>
    <Filter Include="Common">
      <UniqueIdentifier>{9ab54041-9fe8-4070-a5d8-aba985581051}</UniqueIdentifier>
    </Filter>
    <Filter Include="Common\Private">
      <UniqueIdentifier>{69fb93dc-b62a-4ca6-b89d-ad118082dc9a}</UniqueIdentifier>
    </Filter>
    <Filter Include="Common\Private\Win32">
      <UniqueIdentifier>{3791f704-5b06-4057-8bb2-2c9b805a174b}</UniqueIdentifier>
    </Filter>
    <Filter Include="UI">
      <UniqueIdentifier>{e7c5baf6-b7e8-4b8c-9455-4e7b2629f042}</UniqueIdentifier>
    </Filter>
    <Filter Include="UI\imgui">
      <UniqueIdentifier>{6c1c472a-d6d3-466c-8f19-e79e52e2001a}</UniqueIdentifier>
    </Filter>
    <Filter Include="UI\imgui\backends">
      <UniqueIdentifier>{13fe526a-d8ee-47bb-b683-31fb86a2a9e9}</UniqueIdentifier>
    </Filter>
    <Filter Include="Graphics">
      <UniqueIdentifier>{2e636919-977f-47ca-864b-79acd3967b5b}</UniqueIdentifier>
    </Filter>
    <Filter Include="Graphics\Private">
      <UniqueIdentifier>{df32e870-7a4e-4821-b920-cfc24846b1fd}</UniqueIdentifier>
    </Filter>
    <Filter Include="Graphics\Private\DX12">
      <UniqueIdentifier>{b9a55acf-ad2a-4795-8021-db2a639a571c}</UniqueIdentifier>
    </Filter>
    <Filter Include="Graphics\Primitive">
      <UniqueIdentifier>{d3e5410c-7caf-457f-bbe9-1eeab2a9f766}</UniqueIdentifier>
    </Filter>
    <Filter Include="Graphics\Geometry">
      <UniqueIdentifier>{ebf418ef-94fd-44e0-97de-0dbc6d5ec91a}</UniqueIdentifier>
    </Filter>
    <Filter Include="IO">
      <UniqueIdentifier>{457db962-8a2d-4088-ae94-939c9f7463e2}</UniqueIdentifier>
    </Filter>
    <Filter Include="IO\File">
      <UniqueIdentifier>{56496a9c-3d65-4fb9-afc6-df9ccd19d1cf}</UniqueIdentifier>
    </Filter>
    <Filter Include="IO\File\Private">
      <UniqueIdentifier>{ef5cec8d-c94d-4d06-a967-2fbb8f21349d}</UniqueIdentifier>
    </Filter>
    <Filter Include="Application">
      <UniqueIdentifier>{dc727f57-bd58-4e07-9c0b-0c2bdeade3e7}</UniqueIdentifier>
    </Filter>
    <Filter Include="Application\Private">
      <UniqueIdentifier>{2b492f28-53cf-4b48-835f-78949a4e1641}</UniqueIdentifier>
    </Filter>
    <Filter Include="Application\Private\Win32">
      <UniqueIdentifier>{f203f7bc-f1ad-4ca5-b363-7fb00143ef04}</UniqueIdentifier>
    </Filter>
    <Filter Include="Object">
      <UniqueIdentifier>{7b2c1a66-64d3-4790-b3f4-8607370c0dd5}</UniqueIdentifier>
    </Filter>
    <Filter Include="Math">
      <UniqueIdentifier>{b1abb8f4-834e-41b9-bf5a-f9bbaa251625}</UniqueIdentifier>
    </Filter>
    <Filter Include="Window">
      <UniqueIdentifier>{35abd416-ce8c-4e08-90a8-097ac548e1b3}</UniqueIdentifier>
    </Filter>
    <Filter Include="Window\Private">
      <UniqueIdentifier>{66d64941-7703-400c-9a20-73e599c80298}</UniqueIdentifier>
    </Filter>
    <Filter Include="Window\Private\Win32">
      <UniqueIdentifier>{240b8581-67cf-47cb-a19d-b39b469535a7}</UniqueIdentifier>
    </Filter>
    <Filter Include="Log">
      <UniqueIdentifier>{500806fc-5077-4711-b4e5-21b3b34508ac}</UniqueIdentifier>
    </Filter>
  </ItemGroup>
</Project>