<?xml version="1.0" encoding="utf-8"?>
<Project ToolsVersion="4.0" xmlns="http://schemas.microsoft.com/developer/msbuild/2003">
  <ItemGroup>
    <ClCompile Include="Graphics\WMImage.cpp">
      <Filter>Graphics</Filter>
    </ClCompile>
    <ClCompile Include="Graphics\WMGraphicsDevice.cpp">
      <Filter>Graphics</Filter>
    </ClCompile>
    <ClCompile Include="Graphics\WMCamera.cpp">
      <Filter>Graphics</Filter>
    </ClCompile>
    <ClCompile Include="Graphics\Private\DX12\CopyCommandEncoder.cpp">
      <Filter>Graphics\Private\DX12</Filter>
    </ClCompile>
    <ClCompile Include="Graphics\Private\DX12\CommandBuffer.cpp">
      <Filter>Graphics\Private\DX12</Filter>
    </ClCompile>
    <ClCompile Include="Graphics\Private\DX12\Shader.cpp">
      <Filter>Graphics\Private\DX12</Filter>
    </ClCompile>
    <ClCompile Include="Graphics\Private\DX12\GPUBuffer.cpp">
      <Filter>Graphics\Private\DX12</Filter>
    </ClCompile>
    <ClCompile Include="Graphics\Private\DX12\CommandQueue.cpp">
      <Filter>Graphics\Private\DX12</Filter>
    </ClCompile>
    <ClCompile Include="Graphics\Private\DX12\GraphicsDeviceContext.cpp">
      <Filter>Graphics\Private\DX12</Filter>
    </ClCompile>
    <ClCompile Include="Graphics\Private\DX12\SwapChain.cpp">
      <Filter>Graphics\Private\DX12</Filter>
    </ClCompile>
    <ClCompile Include="Graphics\Private\DX12\Texture.cpp">
      <Filter>Graphics\Private\DX12</Filter>
    </ClCompile>
    <ClCompile Include="Graphics\Private\DX12\RenderCommandEncoder.cpp">
      <Filter>Graphics\Private\DX12</Filter>
    </ClCompile>
    <ClCompile Include="Graphics\Private\DX12\RenderPipeline.cpp">
      <Filter>Graphics\Private\DX12</Filter>
    </ClCompile>
    <ClCompile Include="Graphics\Geometry\WMGeometryFactory.cpp">
      <Filter>Graphics\Geometry</Filter>
    </ClCompile>
    <ClCompile Include="Graphics\Primitive\WMViewport.cpp">
      <Filter>Graphics\Primitive</Filter>
    </ClCompile>
    <ClCompile Include="Graphics\Primitive\WMColor.cpp">
      <Filter>Graphics\Primitive</Filter>
    </ClCompile>
    <ClCompile Include="Graphics\Primitive\WMRect.cpp">
      <Filter>Graphics\Primitive</Filter>
    </ClCompile>
    <ClCompile Include="Graphics\Primitive\WMQuad.cpp">
      <Filter>Graphics\Primitive</Filter>
    </ClCompile>
    <ClCompile Include="Graphics\Primitive\WMPoint.cpp">
      <Filter>Graphics\Primitive</Filter>
    </ClCompile>
    <ClCompile Include="Graphics\Primitive\WMSize.cpp">
      <Filter>Graphics\Primitive</Filter>
    </ClCompile>
    <ClCompile Include="UI\WMCanvas.cpp">
      <Filter>UI</Filter>
    </ClCompile>
    <ClCompile Include="UI\WMRectTransform.cpp">
      <Filter>UI</Filter>
    </ClCompile>
    <ClCompile Include="UI\imgui\imgui.cpp">
      <Filter>UI\imgui</Filter>
    </ClCompile>
    <ClCompile Include="UI\imgui\imgui_demo.cpp">
      <Filter>UI\imgui</Filter>
    </ClCompile>
    <ClCompile Include="UI\imgui\imgui_draw.cpp">
      <Filter>UI\imgui</Filter>
    </ClCompile>
    <ClCompile Include="UI\imgui\imgui_tables.cpp">
      <Filter>UI\imgui</Filter>
    </ClCompile>
    <ClCompile Include="UI\imgui\imgui_widgets.cpp">
      <Filter>UI\imgui</Filter>
    </ClCompile>
    <ClCompile Include="UI\imgui\backends\imgui_impl_dx10.cpp">
      <Filter>UI\imgui\backends</Filter>
    </ClCompile>
    <ClCompile Include="UI\imgui\backends\imgui_impl_dx11.cpp">
      <Filter>UI\imgui\backends</Filter>
    </ClCompile>
    <ClCompile Include="UI\imgui\backends\imgui_impl_dx12.cpp">
      <Filter>UI\imgui\backends</Filter>
    </ClCompile>
    <ClCompile Include="UI\imgui\backends\imgui_impl_dx9.cpp">
      <Filter>UI\imgui\backends</Filter>
    </ClCompile>
    <ClCompile Include="UI\imgui\backends\imgui_impl_win32.cpp">
      <Filter>UI\imgui\backends</Filter>
    </ClCompile>
    <ClCompile Include="IO\File\WMFile.cpp">
      <Filter>IO\File</Filter>
    </ClCompile>
    <ClCompile Include="Log\WMLog.cpp">
      <Filter>Log</Filter>
    </ClCompile>
    <ClCompile Include="Log\WMLogVariant.cpp">
      <Filter>Log</Filter>
    </ClCompile>
    <ClCompile Include="Math\WMAffineTransform2.cpp">
      <Filter>Math</Filter>
    </ClCompile>
    <ClCompile Include="Math\WMAffineTransform3.cpp">
      <Filter>Math</Filter>
    </ClCompile>
    <ClCompile Include="Math\WMLinearTransform2.cpp">
      <Filter>Math</Filter>
    </ClCompile>
    <ClCompile Include="Math\WMLinearTransform3.cpp">
      <Filter>Math</Filter>
    </ClCompile>
    <ClCompile Include="Math\WMMatrix2.cpp">
      <Filter>Math</Filter>
    </ClCompile>
    <ClCompile Include="Math\WMMatrix3.cpp">
      <Filter>Math</Filter>
    </ClCompile>
    <ClCompile Include="Math\WMMatrix4.cpp">
      <Filter>Math</Filter>
    </ClCompile>
    <ClCompile Include="Math\WMVector2.cpp">
      <Filter>Math</Filter>
    </ClCompile>
    <ClCompile Include="Math\WMVector3.cpp">
      <Filter>Math</Filter>
    </ClCompile>
    <ClCompile Include="Math\WMVector4.cpp">
      <Filter>Math</Filter>
    </ClCompile>
    <ClCompile Include="Math\WMVector2Int.cpp">
      <Filter>Math</Filter>
    </ClCompile>
    <ClCompile Include="Math\WMVector3Int.cpp">
      <Filter>Math</Filter>
    </ClCompile>
    <ClCompile Include="Math\WMVector4Int.cpp">
      <Filter>Math</Filter>
    </ClCompile>
    <ClCompile Include="Common\WMObject.cpp">
      <Filter>Common</Filter>
    </ClCompile>
    <ClCompile Include="Common\WMThread.cpp">
      <Filter>Common</Filter>
    </ClCompile>
    <ClCompile Include="Common\WMTimer.cpp">
      <Filter>Common</Filter>
    </ClCompile>
    <ClCompile Include="Common\Private\Win32\ThreadContext.cpp">
      <Filter>Common\Private\Win32</Filter>
    </ClCompile>
    <ClCompile Include="Common\Private\Win32\TimerContext.cpp">
      <Filter>Common\Private\Win32</Filter>
    </ClCompile>
    <ClCompile Include="Window\Private\Win32\WindowContext.cpp">
      <Filter>Window\Private\Win32</Filter>
    </ClCompile>
    <ClCompile Include="Component\WMComponentBase.cpp">
      <Filter>Component</Filter>
    </ClCompile>
    <ClCompile Include="Component\Render\WMRenderComponent.cpp">
      <Filter>Component\Render</Filter>
    </ClCompile>
    <ClCompile Include="Component\Render\Private\MeshRenderComponent.cpp">
      <Filter>Component\Render\Private</Filter>
    </ClCompile>
    <ClCompile Include="Component\Render\Private\SpriteRenderComponent.cpp">
      <Filter>Component\Render\Private</Filter>
    </ClCompile>
    <ClCompile Include="Application\WMApplication.cpp">
      <Filter>Application</Filter>
    </ClCompile>
    <ClCompile Include="Application\Private\Win32\ApplicationContext.cpp">
      <Filter>Application\Private\Win32</Filter>
    </ClCompile>
  </ItemGroup>
  <ItemGroup>
    <ClInclude Include="WildMini.h" />
    <ClInclude Include="WMAssert.h" />
    <ClInclude Include="WMContainer.h" />
    <ClInclude Include="WMLock.h" />
    <ClInclude Include="WMSharedPtr.h" />
    <ClInclude Include="WMRefCounter.h" />
    <ClInclude Include="WMFramework.h" />
    <ClInclude Include="Graphics\WMBlendState.h">
      <Filter>Graphics</Filter>
    </ClInclude>
    <ClInclude Include="Graphics\WMCommandBuffer.h">
      <Filter>Graphics</Filter>
    </ClInclude>
    <ClInclude Include="Graphics\WMImage.h">
      <Filter>Graphics</Filter>
    </ClInclude>
    <ClInclude Include="Graphics\WMMaterial.h">
      <Filter>Graphics</Filter>
    </ClInclude>
    <ClInclude Include="Graphics\WMRenderCommandEncoder.h">
      <Filter>Graphics</Filter>
    </ClInclude>
    <ClInclude Include="Graphics\WMRenderPipeline.h">
      <Filter>Graphics</Filter>
    </ClInclude>
    <ClInclude Include="Graphics\WMVertexDescriptor.h">
      <Filter>Graphics</Filter>
    </ClInclude>
    <ClInclude Include="Graphics\WMCopyCommandEncoder.h">
      <Filter>Graphics</Filter>
    </ClInclude>
    <ClInclude Include="Graphics\WMCamera.h">
      <Filter>Graphics</Filter>
    </ClInclude>
    <ClInclude Include="Graphics\WMGPUBuffer.h">
      <Filter>Graphics</Filter>
    </ClInclude>
    <ClInclude Include="Graphics\WMTexture.h">
      <Filter>Graphics</Filter>
    </ClInclude>
    <ClInclude Include="Graphics\WMCommandQueue.h">
      <Filter>Graphics</Filter>
    </ClInclude>
    <ClInclude Include="Graphics\WMGraphicsDevice.h">
      <Filter>Graphics</Filter>
    </ClInclude>
    <ClInclude Include="Graphics\WMSwapChain.h">
      <Filter>Graphics</Filter>
    </ClInclude>
    <ClInclude Include="Graphics\WMShader.h">
      <Filter>Graphics</Filter>
    </ClInclude>
    <ClInclude Include="Graphics\Private\GraphicsDeviceFactory.h">
      <Filter>Graphics\Private</Filter>
    </ClInclude>
    <ClInclude Include="Graphics\Private\DX12\CopyCommandEncoder.h">
      <Filter>Graphics\Private\DX12</Filter>
    </ClInclude>
    <ClInclude Include="Graphics\Private\DX12\CommandBuffer.h">
      <Filter>Graphics\Private\DX12</Filter>
    </ClInclude>
    <ClInclude Include="Graphics\Private\DX12\Shader.h">
      <Filter>Graphics\Private\DX12</Filter>
    </ClInclude>
    <ClInclude Include="Graphics\Private\DX12\Type.h">
      <Filter>Graphics\Private\DX12</Filter>
    </ClInclude>
    <ClInclude Include="Graphics\Private\DX12\RenderCommandEncoder.h">
      <Filter>Graphics\Private\DX12</Filter>
    </ClInclude>
    <ClInclude Include="Graphics\Private\DX12\RenderPipeline.h">
      <Filter>Graphics\Private\DX12</Filter>
    </ClInclude>
    <ClInclude Include="Graphics\Private\DX12\GPUBuffer.h">
      <Filter>Graphics\Private\DX12</Filter>
    </ClInclude>
    <ClInclude Include="Graphics\Private\DX12\d3dx12.h">
      <Filter>Graphics\Private\DX12</Filter>
    </ClInclude>
    <ClInclude Include="Graphics\Private\DX12\CommandQueue.h">
      <Filter>Graphics\Private\DX12</Filter>
    </ClInclude>
    <ClInclude Include="Graphics\Private\DX12\d3d12_include.h">
      <Filter>Graphics\Private\DX12</Filter>
    </ClInclude>
    <ClInclude Include="Graphics\Private\DX12\GraphicsDeviceContext.h">
      <Filter>Graphics\Private\DX12</Filter>
    </ClInclude>
    <ClInclude Include="Graphics\Private\DX12\SwapChain.h">
      <Filter>Graphics\Private\DX12</Filter>
    </ClInclude>
    <ClInclude Include="Graphics\Private\DX12\Texture.h">
      <Filter>Graphics\Private\DX12</Filter>
    </ClInclude>
    <ClInclude Include="Graphics\Geometry\WMGeometryFactory.h">
      <Filter>Graphics\Geometry</Filter>
    </ClInclude>
    <ClInclude Include="Graphics\Geometry\WMMesh.h">
      <Filter>Graphics\Geometry</Filter>
    </ClInclude>
    <ClInclude Include="Graphics\Geometry\WMVertex.h">
      <Filter>Graphics\Geometry</Filter>
    </ClInclude>
    <ClInclude Include="Graphics\Primitive\WMViewport.h">
      <Filter>Graphics\Primitive</Filter>
    </ClInclude>
    <ClInclude Include="Graphics\Primitive\WMColor.h">
      <Filter>Graphics\Primitive</Filter>
    </ClInclude>
    <ClInclude Include="Graphics\Primitive\WMRect.h">
      <Filter>Graphics\Primitive</Filter>
    </ClInclude>
    <ClInclude Include="Graphics\Primitive\WMQuad.h">
      <Filter>Graphics\Primitive</Filter>
    </ClInclude>
    <ClInclude Include="Graphics\Primitive\WMPoint.h">
      <Filter>Graphics\Primitive</Filter>
    </ClInclude>
    <ClInclude Include="Graphics\Primitive\WMSize.h">
      <Filter>Graphics\Primitive</Filter>
    </ClInclude>
    <ClInclude Include="UI\WMCanvas.h">
      <Filter>UI</Filter>
    </ClInclude>
    <ClInclude Include="UI\WMRectTransform.h">
      <Filter>UI</Filter>
    </ClInclude>
    <ClInclude Include="UI\imgui\imconfig.h">
      <Filter>UI\imgui</Filter>
    </ClInclude>
    <ClInclude Include="UI\imgui\imgui.h">
      <Filter>UI\imgui</Filter>
    </ClInclude>
    <ClInclude Include="UI\imgui\imgui_internal.h">
      <Filter>UI\imgui</Filter>
    </ClInclude>
    <ClInclude Include="UI\imgui\imstb_rectpack.h">
      <Filter>UI\imgui</Filter>
    </ClInclude>
    <ClInclude Include="UI\imgui\imstb_textedit.h">
      <Filter>UI\imgui</Filter>
    </ClInclude>
    <ClInclude Include="UI\imgui\imstb_truetype.h">
      <Filter>UI\imgui</Filter>
    </ClInclude>
    <ClInclude Include="UI\imgui\backends\imgui_impl_dx10.h">
      <Filter>UI\imgui\backends</Filter>
    </ClInclude>
    <ClInclude Include="UI\imgui\backends\imgui_impl_dx11.h">
      <Filter>UI\imgui\backends</Filter>
    </ClInclude>
    <ClInclude Include="UI\imgui\backends\imgui_impl_dx12.h">
      <Filter>UI\imgui\backends</Filter>
    </ClInclude>
    <ClInclude Include="UI\imgui\backends\imgui_impl_dx9.h">
      <Filter>UI\imgui\backends</Filter>
    </ClInclude>
    <ClInclude Include="UI\imgui\backends\imgui_impl_win32.h">
      <Filter>UI\imgui\backends</Filter>
    </ClInclude>
    <ClInclude Include="IO\Data\WMSerializable.h">
      <Filter>IO\Data</Filter>
    </ClInclude>
    <ClInclude Include="IO\File\WMFileHandle.h">
      <Filter>IO\File</Filter>
    </ClInclude>
    <ClInclude Include="IO\File\WMFile.h">
      <Filter>IO\File</Filter>
    </ClInclude>
    <ClInclude Include="IO\File\Private\FileHandle.h">
      <Filter>IO\File\Private</Filter>
    </ClInclude>
    <ClInclude Include="Log\WMLog.h">
      <Filter>Log</Filter>
    </ClInclude>
    <ClInclude Include="Log\WMLogVariant.h">
      <Filter>Log</Filter>
    </ClInclude>
    <ClInclude Include="Math\WMAffineTransform2.h">
      <Filter>Math</Filter>
    </ClInclude>
    <ClInclude Include="Math\WMAffineTransform3.h">
      <Filter>Math</Filter>
    </ClInclude>
    <ClInclude Include="Math\WMLinearTransform2.h">
      <Filter>Math</Filter>
    </ClInclude>
    <ClInclude Include="Math\WMLinearTransform3.h">
      <Filter>Math</Filter>
    </ClInclude>
    <ClInclude Include="Math\WMMath.h">
      <Filter>Math</Filter>
    </ClInclude>
    <ClInclude Include="Math\WMMatrix2.h">
      <Filter>Math</Filter>
    </ClInclude>
    <ClInclude Include="Math\WMMatrix3.h">
      <Filter>Math</Filter>
    </ClInclude>
    <ClInclude Include="Math\WMMatrix4.h">
      <Filter>Math</Filter>
    </ClInclude>
    <ClInclude Include="Math\WMVector2.h">
      <Filter>Math</Filter>
    </ClInclude>
    <ClInclude Include="Math\WMVector3.h">
      <Filter>Math</Filter>
    </ClInclude>
    <ClInclude Include="Math\WMVector4.h">
      <Filter>Math</Filter>
    </ClInclude>
    <ClInclude Include="Math\WMVector2Int.h">
      <Filter>Math</Filter>
    </ClInclude>
    <ClInclude Include="Math\WMVector3Int.h">
      <Filter>Math</Filter>
    </ClInclude>
    <ClInclude Include="Math\WMVector4Int.h">
      <Filter>Math</Filter>
    </ClInclude>
    <ClInclude Include="Scene\WMScene.h">
      <Filter>Scene</Filter>
    </ClInclude>
    <ClInclude Include="Common\WMObject.h">
      <Filter>Common</Filter>
    </ClInclude>
    <ClInclude Include="Common\WMTimer.h">
      <Filter>Common</Filter>
    </ClInclude>
    <ClInclude Include="Common\WMTimerContext.h">
      <Filter>Common</Filter>
    </ClInclude>
    <ClInclude Include="Common\WMThread.h">
      <Filter>Common</Filter>
    </ClInclude>
    <ClInclude Include="Common\Private\Win32\ThreadContext.h">
      <Filter>Common\Private\Win32</Filter>
    </ClInclude>
    <ClInclude Include="Common\Private\Win32\TimerContext.h">
      <Filter>Common\Private\Win32</Filter>
    </ClInclude>
    <ClInclude Include="Window\WMWindow.h">
      <Filter>Window</Filter>
    </ClInclude>
    <ClInclude Include="Window\Private\WindowFactory.h">
      <Filter>Window\Private</Filter>
    </ClInclude>
    <ClInclude Include="Window\Private\Win32\WindowContext.h">
      <Filter>Window\Private\Win32</Filter>
    </ClInclude>
    <ClInclude Include="Component\WMComponent.h">
      <Filter>Component</Filter>
    </ClInclude>
    <ClInclude Include="Component\WMComponentBase.h">
      <Filter>Component</Filter>
    </ClInclude>
    <ClInclude Include="Component\Render\Private\MeshRenderComponent.h">
      <Filter>Component\Render\Private</Filter>
    </ClInclude>
    <ClInclude Include="Component\Render\Private\SpriteRenderComponent.h">
      <Filter>Component\Render\Private</Filter>
    </ClInclude>
    <ClInclude Include="Application\WMApplication.h">
      <Filter>Application</Filter>
    </ClInclude>
    <ClInclude Include="Application\WMApplicationContext.h">
      <Filter>Application</Filter>
    </ClInclude>
    <ClInclude Include="Application\Private\ApplicationContextFactory.h">
      <Filter>Application\Private</Filter>
    </ClInclude>
    <ClInclude Include="Application\Private\Win32\ApplicationContext.h">
      <Filter>Application\Private\Win32</Filter>
    </ClInclude>
  </ItemGroup>
  <ItemGroup>
    <None Include=".editorconfig" />
    <None Include="Component\Render\WMRenderComponent.h">
      <Filter>Component\Render</Filter>
    </None>
  </ItemGroup>
  <ItemGroup>
    <Filter Include="Graphics">
      <UniqueIdentifier>{ec1defc2-5f64-4c86-a747-cbea9d2927cc}</UniqueIdentifier>
    </Filter>
    <Filter Include="Graphics\Private">
      <UniqueIdentifier>{c12b9f43-299f-4d0d-95f8-9d7b4f4b7a61}</UniqueIdentifier>
    </Filter>
    <Filter Include="Graphics\Private\DX12">
      <UniqueIdentifier>{ddba5600-a49f-4d1f-a57a-553e1c00704d}</UniqueIdentifier>
    </Filter>
    <Filter Include="Graphics\Geometry">
      <UniqueIdentifier>{d424ad55-8f39-4294-941a-497e993ab7bc}</UniqueIdentifier>
    </Filter>
    <Filter Include="Graphics\Primitive">
      <UniqueIdentifier>{10650eee-92f4-4f46-8bb7-90fe3fa32f50}</UniqueIdentifier>
    </Filter>
    <Filter Include="UI">
      <UniqueIdentifier>{b09389e4-b74c-4352-bcc0-b26e178465d9}</UniqueIdentifier>
    </Filter>
    <Filter Include="UI\imgui">
      <UniqueIdentifier>{0ebf9c74-c48e-496c-94cb-ebe35d6de06e}</UniqueIdentifier>
    </Filter>
    <Filter Include="UI\imgui\backends">
      <UniqueIdentifier>{7c4f06e8-7254-4d6b-9af7-5ab547c70c89}</UniqueIdentifier>
    </Filter>
    <Filter Include="IO">
      <UniqueIdentifier>{ebe3749d-780e-4c14-bca2-90602cb88398}</UniqueIdentifier>
    </Filter>
    <Filter Include="IO\Data">
      <UniqueIdentifier>{9d1a49cb-269b-4f76-bcc3-6db0da59adac}</UniqueIdentifier>
    </Filter>
    <Filter Include="IO\File">
      <UniqueIdentifier>{3435ab4b-34ec-4b60-9587-7563236a9228}</UniqueIdentifier>
    </Filter>
    <Filter Include="IO\File\Private">
      <UniqueIdentifier>{084f4784-ded9-4b4c-957f-2329a21df494}</UniqueIdentifier>
    </Filter>
    <Filter Include="Log">
      <UniqueIdentifier>{78ac9999-124c-4bc0-82a5-c0a79f3be878}</UniqueIdentifier>
    </Filter>
    <Filter Include="Math">
      <UniqueIdentifier>{cfb7c71a-375f-4229-9d1a-1c4031c93aa6}</UniqueIdentifier>
    </Filter>
    <Filter Include="Scene">
      <UniqueIdentifier>{271f2edc-44ac-4ebc-ab13-d754af7675c3}</UniqueIdentifier>
    </Filter>
    <Filter Include="Common">
      <UniqueIdentifier>{48e32dde-8ea5-4faf-ae44-fbd684ed4fac}</UniqueIdentifier>
    </Filter>
    <Filter Include="Common\Private">
      <UniqueIdentifier>{0d7e9de3-3254-4561-93cd-6d9b02ee40ef}</UniqueIdentifier>
    </Filter>
    <Filter Include="Common\Private\Win32">
      <UniqueIdentifier>{dc9f9e5c-8c7d-4c43-9ef4-608f28326ef8}</UniqueIdentifier>
    </Filter>
    <Filter Include="Window">
      <UniqueIdentifier>{3d0a666b-98cd-4055-bbcd-41f72637da02}</UniqueIdentifier>
    </Filter>
    <Filter Include="Window\Private">
      <UniqueIdentifier>{bdb66abd-9757-475b-afd4-e1a48bcdbee6}</UniqueIdentifier>
    </Filter>
    <Filter Include="Window\Private\Win32">
      <UniqueIdentifier>{5748e4de-87b1-4eb4-ab10-53f5586c1e2c}</UniqueIdentifier>
    </Filter>
    <Filter Include="Component">
      <UniqueIdentifier>{ea2cd072-4e8b-40ef-b90a-602e54ab0fdd}</UniqueIdentifier>
    </Filter>
    <Filter Include="Component\Render">
      <UniqueIdentifier>{a92fc269-bbe8-474b-9ac6-a35096fd7dd5}</UniqueIdentifier>
    </Filter>
    <Filter Include="Component\Render\Private">
      <UniqueIdentifier>{14acdca4-36c1-4c8c-b5d4-de14e1513cf5}</UniqueIdentifier>
    </Filter>
    <Filter Include="Application">
      <UniqueIdentifier>{858e6312-5eb2-412a-a5f7-003f6280db9e}</UniqueIdentifier>
    </Filter>
    <Filter Include="Application\Private">
      <UniqueIdentifier>{4f279da1-f955-4bd9-ac84-9647fb37338f}</UniqueIdentifier>
    </Filter>
    <Filter Include="Application\Private\Win32">
      <UniqueIdentifier>{c04e68a2-3480-4e47-9df0-b9170d2a6cb6}</UniqueIdentifier>
    </Filter>
  </ItemGroup>
</Project>