// !$*UTF8*$!
{
	archiveVersion = 1;
	classes = {
	};
	objectVersion = 55;
	objects = {

/* Begin PBXBuildFile section */
		746E6A74284DEE4A00805558 /* WMFramework.h in Headers */ = {isa = PBXBuildFile; fileRef = 746E6A21284DEE4900805558 /* WMFramework.h */; };
		74B2C57628B078FD0009BBF4 /* GraphicsDeviceContext.h in Headers */ = {isa = PBXBuildFile; fileRef = 74B2C57528B078FD0009BBF4 /* GraphicsDeviceContext.h */; };
		74B2C57828B079C30009BBF4 /* GraphicsDeviceContext.m in Sources */ = {isa = PBXBuildFile; fileRef = 74B2C57728B079C30009BBF4 /* GraphicsDeviceContext.m */; };
		74B579D029FCF60E00A4686D /* WMThread.h in Headers */ = {isa = PBXBuildFile; fileRef = 74B579C529FCF60E00A4686D /* WMThread.h */; };
		74B579D129FCF60E00A4686D /* ThreadContext.h in Headers */ = {isa = PBXBuildFile; fileRef = 74B579C829FCF60E00A4686D /* ThreadContext.h */; };
		74B579D229FCF60E00A4686D /* ThreadContext.mm in Sources */ = {isa = PBXBuildFile; fileRef = 74B579C929FCF60E00A4686D /* ThreadContext.mm */; };
		74B579D529FCF60E00A4686D /* WMObject.h in Headers */ = {isa = PBXBuildFile; fileRef = 74B579CD29FCF60E00A4686D /* WMObject.h */; };
		74B579D629FCF60E00A4686D /* WMObject.cpp in Sources */ = {isa = PBXBuildFile; fileRef = 74B579CE29FCF60E00A4686D /* WMObject.cpp */; };
		74B579D729FCF60E00A4686D /* WMThread.cpp in Sources */ = {isa = PBXBuildFile; fileRef = 74B579CF29FCF60E00A4686D /* WMThread.cpp */; };
		74B579D929FCFC4C00A4686D /* CommandQueue.h in Headers */ = {isa = PBXBuildFile; fileRef = 74B579D829FCFC4C00A4686D /* CommandQueue.h */; };
		74B579DB29FCFD6E00A4686D /* CommandQueue.m in Sources */ = {isa = PBXBuildFile; fileRef = 74B579DA29FCFD6E00A4686D /* CommandQueue.m */; };
		74B579EB29FD02AA00A4686D /* CommandBuffer.h in Headers */ = {isa = PBXBuildFile; fileRef = 74B579EA29FD02AA00A4686D /* CommandBuffer.h */; };
		74B579ED29FD02F000A4686D /* CommandBuffer.m in Sources */ = {isa = PBXBuildFile; fileRef = 74B579EC29FD02F000A4686D /* CommandBuffer.m */; };
		74B579EF29FD058600A4686D /* SwapChain.h in Headers */ = {isa = PBXBuildFile; fileRef = 74B579EE29FD058600A4686D /* SwapChain.h */; };
		74B579F129FD05CE00A4686D /* SwapChain.m in Sources */ = {isa = PBXBuildFile; fileRef = 74B579F029FD05CE00A4686D /* SwapChain.m */; };
		74B579F329FD09E800A4686D /* RenderCommandEncoder.h in Headers */ = {isa = PBXBuildFile; fileRef = 74B579F229FD09E800A4686D /* RenderCommandEncoder.h */; };
		74B579F529FD0A4200A4686D /* RenderCommandEncoder.m in Sources */ = {isa = PBXBuildFile; fileRef = 74B579F429FD0A4200A4686D /* RenderCommandEncoder.m */; };
		74B579F729FD1D2F00A4686D /* GPUBuffer.h in Headers */ = {isa = PBXBuildFile; fileRef = 74B579F629FD1D2F00A4686D /* GPUBuffer.h */; };
		74B579F929FD1DDE00A4686D /* GPUBuffer.m in Sources */ = {isa = PBXBuildFile; fileRef = 74B579F829FD1DDE00A4686D /* GPUBuffer.m */; };
		74B579FB29FD23C500A4686D /* Texture.h in Headers */ = {isa = PBXBuildFile; fileRef = 74B579FA29FD23C500A4686D /* Texture.h */; };
		74B579FD29FD240D00A4686D /* Texture.m in Sources */ = {isa = PBXBuildFile; fileRef = 74B579FC29FD240D00A4686D /* Texture.m */; };
		74E01EBC28B07399005F8564 /* WMWindow.h in Headers */ = {isa = PBXBuildFile; fileRef = 74E01DE428B07399005F8564 /* WMWindow.h */; };
		74E01EBD28B07399005F8564 /* WindowContext.h in Headers */ = {isa = PBXBuildFile; fileRef = 74E01DE728B07399005F8564 /* WindowContext.h */; };
		74E01EBE28B07399005F8564 /* WindowContext.mm in Sources */ = {isa = PBXBuildFile; fileRef = 74E01DE828B07399005F8564 /* WindowContext.mm */; };
		74E01EBF28B07399005F8564 /* WindowFactory.h in Headers */ = {isa = PBXBuildFile; fileRef = 74E01DE928B07399005F8564 /* WindowFactory.h */; };
		74E01EC228B07399005F8564 /* WMApplication.cpp in Sources */ = {isa = PBXBuildFile; fileRef = 74E01DEE28B07399005F8564 /* WMApplication.cpp */; };
		74E01EC328B07399005F8564 /* WMApplicationContext.h in Headers */ = {isa = PBXBuildFile; fileRef = 74E01DEF28B07399005F8564 /* WMApplicationContext.h */; };
		74E01EC428B07399005F8564 /* ApplicationContext.mm in Sources */ = {isa = PBXBuildFile; fileRef = 74E01DF228B07399005F8564 /* ApplicationContext.mm */; };
		74E01EC528B07399005F8564 /* ApplicationContext.h in Headers */ = {isa = PBXBuildFile; fileRef = 74E01DF328B07399005F8564 /* ApplicationContext.h */; };
		74E01EC628B07399005F8564 /* ApplicationContextFactory.h in Headers */ = {isa = PBXBuildFile; fileRef = 74E01DF428B07399005F8564 /* ApplicationContextFactory.h */; };
		74E01EC928B07399005F8564 /* WMApplication.h in Headers */ = {isa = PBXBuildFile; fileRef = 74E01DF828B07399005F8564 /* WMApplication.h */; };
		74E01ECA28B07399005F8564 /* WMTexture.h in Headers */ = {isa = PBXBuildFile; fileRef = 74E01DFA28B07399005F8564 /* WMTexture.h */; };
		74E01ECB28B07399005F8564 /* WMShader.h in Headers */ = {isa = PBXBuildFile; fileRef = 74E01DFB28B07399005F8564 /* WMShader.h */; };
		74E01ECC28B07399005F8564 /* WMRenderCommandEncoder.h in Headers */ = {isa = PBXBuildFile; fileRef = 74E01DFC28B07399005F8564 /* WMRenderCommandEncoder.h */; };
		74E01ECD28B07399005F8564 /* WMCamera.h in Headers */ = {isa = PBXBuildFile; fileRef = 74E01DFD28B07399005F8564 /* WMCamera.h */; };
		74E01ECE28B07399005F8564 /* WMColor.h in Headers */ = {isa = PBXBuildFile; fileRef = 74E01DFF28B07399005F8564 /* WMColor.h */; };
		74E01ECF28B07399005F8564 /* WMRect.h in Headers */ = {isa = PBXBuildFile; fileRef = 74E01E0028B07399005F8564 /* WMRect.h */; };
		74E01ED028B07399005F8564 /* WMPoint.h in Headers */ = {isa = PBXBuildFile; fileRef = 74E01E0128B07399005F8564 /* WMPoint.h */; };
		74E01ED128B07399005F8564 /* WMPoint.cpp in Sources */ = {isa = PBXBuildFile; fileRef = 74E01E0228B07399005F8564 /* WMPoint.cpp */; };
		74E01ED228B07399005F8564 /* WMQuad.cpp in Sources */ = {isa = PBXBuildFile; fileRef = 74E01E0328B07399005F8564 /* WMQuad.cpp */; };
		74E01ED328B07399005F8564 /* WMQuad.h in Headers */ = {isa = PBXBuildFile; fileRef = 74E01E0428B07399005F8564 /* WMQuad.h */; };
		74E01ED428B07399005F8564 /* WMViewport.h in Headers */ = {isa = PBXBuildFile; fileRef = 74E01E0528B07399005F8564 /* WMViewport.h */; };
		74E01ED528B07399005F8564 /* WMSize.h in Headers */ = {isa = PBXBuildFile; fileRef = 74E01E0628B07399005F8564 /* WMSize.h */; };
		74E01ED628B07399005F8564 /* WMColor.cpp in Sources */ = {isa = PBXBuildFile; fileRef = 74E01E0728B07399005F8564 /* WMColor.cpp */; };
		74E01ED728B07399005F8564 /* WMRect.cpp in Sources */ = {isa = PBXBuildFile; fileRef = 74E01E0828B07399005F8564 /* WMRect.cpp */; };
		74E01ED828B07399005F8564 /* WMViewport.cpp in Sources */ = {isa = PBXBuildFile; fileRef = 74E01E0928B07399005F8564 /* WMViewport.cpp */; };
		74E01ED928B07399005F8564 /* WMSize.cpp in Sources */ = {isa = PBXBuildFile; fileRef = 74E01E0A28B07399005F8564 /* WMSize.cpp */; };
		74E01EDA28B07399005F8564 /* WMGPUBuffer.h in Headers */ = {isa = PBXBuildFile; fileRef = 74E01E0B28B07399005F8564 /* WMGPUBuffer.h */; };
		74E01EDB28B07399005F8564 /* WMRenderPipeline.h in Headers */ = {isa = PBXBuildFile; fileRef = 74E01E0C28B07399005F8564 /* WMRenderPipeline.h */; };
		74E01EDC28B07399005F8564 /* GraphicsDeviceFactory.h in Headers */ = {isa = PBXBuildFile; fileRef = 74E01E0E28B07399005F8564 /* GraphicsDeviceFactory.h */; };
		74E01EF428B07399005F8564 /* WMBlendState.h in Headers */ = {isa = PBXBuildFile; fileRef = 74E01E2928B07399005F8564 /* WMBlendState.h */; };
		74E01EF528B07399005F8564 /* WMGraphicsDevice.cpp in Sources */ = {isa = PBXBuildFile; fileRef = 74E01E2A28B07399005F8564 /* WMGraphicsDevice.cpp */; };
		74E01EF628B07399005F8564 /* WMGraphicsDevice.h in Headers */ = {isa = PBXBuildFile; fileRef = 74E01E2B28B07399005F8564 /* WMGraphicsDevice.h */; };
		74E01EF728B07399005F8564 /* WMVertex.h in Headers */ = {isa = PBXBuildFile; fileRef = 74E01E2D28B07399005F8564 /* WMVertex.h */; };
		74E01EF828B07399005F8564 /* WMGeometryFactory.h in Headers */ = {isa = PBXBuildFile; fileRef = 74E01E2E28B07399005F8564 /* WMGeometryFactory.h */; };
		74E01EF928B07399005F8564 /* WMMesh.h in Headers */ = {isa = PBXBuildFile; fileRef = 74E01E2F28B07399005F8564 /* WMMesh.h */; };
		74E01EFA28B07399005F8564 /* WMGeometryFactory.cpp in Sources */ = {isa = PBXBuildFile; fileRef = 74E01E3028B07399005F8564 /* WMGeometryFactory.cpp */; };
		74E01EFB28B07399005F8564 /* WMCamera.cpp in Sources */ = {isa = PBXBuildFile; fileRef = 74E01E3128B07399005F8564 /* WMCamera.cpp */; };
		74E01EFC28B07399005F8564 /* WMSwapChain.h in Headers */ = {isa = PBXBuildFile; fileRef = 74E01E3228B07399005F8564 /* WMSwapChain.h */; };
		74E01EFD28B07399005F8564 /* WMVertexDescriptor.h in Headers */ = {isa = PBXBuildFile; fileRef = 74E01E3328B07399005F8564 /* WMVertexDescriptor.h */; };
		74E01EFE28B07399005F8564 /* WMCopyCommandEncoder.h in Headers */ = {isa = PBXBuildFile; fileRef = 74E01E3428B07399005F8564 /* WMCopyCommandEncoder.h */; };
		74E01EFF28B07399005F8564 /* WMCommandQueue.h in Headers */ = {isa = PBXBuildFile; fileRef = 74E01E3528B07399005F8564 /* WMCommandQueue.h */; };
		74E01F0028B07399005F8564 /* WMCommandBuffer.h in Headers */ = {isa = PBXBuildFile; fileRef = 74E01E3628B07399005F8564 /* WMCommandBuffer.h */; };
		74E01F3528B0739A005F8564 /* WMMath.h in Headers */ = {isa = PBXBuildFile; fileRef = 74E01E8728B07399005F8564 /* WMMath.h */; };
		74E01F3628B0739A005F8564 /* WMMatrix3.h in Headers */ = {isa = PBXBuildFile; fileRef = 74E01E8828B07399005F8564 /* WMMatrix3.h */; };
		74E01F3728B0739A005F8564 /* WMVector4Int.cpp in Sources */ = {isa = PBXBuildFile; fileRef = 74E01E8928B07399005F8564 /* WMVector4Int.cpp */; };
		74E01F3828B0739A005F8564 /* WMVector3.h in Headers */ = {isa = PBXBuildFile; fileRef = 74E01E8A28B07399005F8564 /* WMVector3.h */; };
		74E01F3928B0739A005F8564 /* WMLinearTransform3.h in Headers */ = {isa = PBXBuildFile; fileRef = 74E01E8B28B07399005F8564 /* WMLinearTransform3.h */; };
		74E01F3A28B0739A005F8564 /* WMMatrix4.h in Headers */ = {isa = PBXBuildFile; fileRef = 74E01E8C28B07399005F8564 /* WMMatrix4.h */; };
		74E01F3B28B0739A005F8564 /* WMVector4.h in Headers */ = {isa = PBXBuildFile; fileRef = 74E01E8D28B07399005F8564 /* WMVector4.h */; };
		74E01F3C28B0739A005F8564 /* WMAffineTransform3.h in Headers */ = {isa = PBXBuildFile; fileRef = 74E01E8E28B07399005F8564 /* WMAffineTransform3.h */; };
		74E01F3D28B0739A005F8564 /* WMVector2Int.cpp in Sources */ = {isa = PBXBuildFile; fileRef = 74E01E8F28B07399005F8564 /* WMVector2Int.cpp */; };
		74E01F3E28B0739A005F8564 /* WMLinearTransform2.h in Headers */ = {isa = PBXBuildFile; fileRef = 74E01E9028B07399005F8564 /* WMLinearTransform2.h */; };
		74E01F3F28B0739A005F8564 /* WMAffineTransform2.cpp in Sources */ = {isa = PBXBuildFile; fileRef = 74E01E9128B07399005F8564 /* WMAffineTransform2.cpp */; };
		74E01F4028B0739A005F8564 /* WMVector4Int.h in Headers */ = {isa = PBXBuildFile; fileRef = 74E01E9228B07399005F8564 /* WMVector4Int.h */; };
		74E01F4128B0739A005F8564 /* WMAffineTransform3.cpp in Sources */ = {isa = PBXBuildFile; fileRef = 74E01E9328B07399005F8564 /* WMAffineTransform3.cpp */; };
		74E01F4228B0739A005F8564 /* WMVector4.cpp in Sources */ = {isa = PBXBuildFile; fileRef = 74E01E9428B07399005F8564 /* WMVector4.cpp */; };
		74E01F4328B0739A005F8564 /* WMLinearTransform3.cpp in Sources */ = {isa = PBXBuildFile; fileRef = 74E01E9528B07399005F8564 /* WMLinearTransform3.cpp */; };
		74E01F4428B0739A005F8564 /* WMLinearTransform2.cpp in Sources */ = {isa = PBXBuildFile; fileRef = 74E01E9628B07399005F8564 /* WMLinearTransform2.cpp */; };
		74E01F4528B0739A005F8564 /* WMVector3.cpp in Sources */ = {isa = PBXBuildFile; fileRef = 74E01E9728B07399005F8564 /* WMVector3.cpp */; };
		74E01F4628B0739A005F8564 /* WMAffineTransform2.h in Headers */ = {isa = PBXBuildFile; fileRef = 74E01E9828B07399005F8564 /* WMAffineTransform2.h */; };
		74E01F4728B0739A005F8564 /* WMVector2.cpp in Sources */ = {isa = PBXBuildFile; fileRef = 74E01E9928B07399005F8564 /* WMVector2.cpp */; };
		74E01F4828B0739A005F8564 /* WMMatrix4.cpp in Sources */ = {isa = PBXBuildFile; fileRef = 74E01E9A28B07399005F8564 /* WMMatrix4.cpp */; };
		74E01F4928B0739A005F8564 /* WMVector2Int.h in Headers */ = {isa = PBXBuildFile; fileRef = 74E01E9B28B07399005F8564 /* WMVector2Int.h */; };
		74E01F4A28B0739A005F8564 /* WMMatrix2.h in Headers */ = {isa = PBXBuildFile; fileRef = 74E01E9C28B07399005F8564 /* WMMatrix2.h */; };
		74E01F4B28B0739A005F8564 /* WMMatrix2.cpp in Sources */ = {isa = PBXBuildFile; fileRef = 74E01E9D28B07399005F8564 /* WMMatrix2.cpp */; };
		74E01F4C28B0739A005F8564 /* WMVector3Int.cpp in Sources */ = {isa = PBXBuildFile; fileRef = 74E01E9E28B07399005F8564 /* WMVector3Int.cpp */; };
		74E01F4D28B0739A005F8564 /* WMVector3Int.h in Headers */ = {isa = PBXBuildFile; fileRef = 74E01E9F28B07399005F8564 /* WMVector3Int.h */; };
		74E01F4E28B0739A005F8564 /* WMMatrix3.cpp in Sources */ = {isa = PBXBuildFile; fileRef = 74E01EA028B07399005F8564 /* WMMatrix3.cpp */; };
		74E01F4F28B0739A005F8564 /* WMVector2.h in Headers */ = {isa = PBXBuildFile; fileRef = 74E01EA128B07399005F8564 /* WMVector2.h */; };
		74E01F5028B0739A005F8564 /* WMFileHandle.h in Headers */ = {isa = PBXBuildFile; fileRef = 74E01EA428B07399005F8564 /* WMFileHandle.h */; };
		74E01F5128B0739A005F8564 /* WMFile.cpp in Sources */ = {isa = PBXBuildFile; fileRef = 74E01EA528B07399005F8564 /* WMFile.cpp */; };
		74E01F5228B0739A005F8564 /* FileHandle.h in Headers */ = {isa = PBXBuildFile; fileRef = 74E01EA728B07399005F8564 /* FileHandle.h */; };
		74E01F5328B0739A005F8564 /* WMFile.h in Headers */ = {isa = PBXBuildFile; fileRef = 74E01EA828B07399005F8564 /* WMFile.h */; };
		74E01F5428B0739A005F8564 /* WMThread.h in Headers */ = {isa = PBXBuildFile; fileRef = 74E01EAA28B07399005F8564 /* WMThread.h */; };
		74E01F5528B0739A005F8564 /* ThreadContext.h in Headers */ = {isa = PBXBuildFile; fileRef = 74E01EAD28B07399005F8564 /* ThreadContext.h */; };
		74E01F5628B0739A005F8564 /* ThreadContext.mm in Sources */ = {isa = PBXBuildFile; fileRef = 74E01EAE28B07399005F8564 /* ThreadContext.mm */; };
		74E01F5928B0739A005F8564 /* WMThread.cpp in Sources */ = {isa = PBXBuildFile; fileRef = 74E01EB228B07399005F8564 /* WMThread.cpp */; };
		74E01F5D28B0739A005F8564 /* WMLogVariant.cpp in Sources */ = {isa = PBXBuildFile; fileRef = 74E01EB828B07399005F8564 /* WMLogVariant.cpp */; };
		74E01F5E28B0739A005F8564 /* WMLog.h in Headers */ = {isa = PBXBuildFile; fileRef = 74E01EB928B07399005F8564 /* WMLog.h */; };
		74E01F5F28B0739A005F8564 /* WMLog.cpp in Sources */ = {isa = PBXBuildFile; fileRef = 74E01EBA28B07399005F8564 /* WMLog.cpp */; };
		74E01F6028B0739A005F8564 /* WMLogVariant.h in Headers */ = {isa = PBXBuildFile; fileRef = 74E01EBB28B07399005F8564 /* WMLogVariant.h */; };
/* End PBXBuildFile section */

/* Begin PBXFileReference section */
		746E6A21284DEE4900805558 /* WMFramework.h */ = {isa = PBXFileReference; fileEncoding = 4; lastKnownFileType = sourcecode.c.h; path = WMFramework.h; sourceTree = "<group>"; };
		74B2C57528B078FD0009BBF4 /* GraphicsDeviceContext.h */ = {isa = PBXFileReference; lastKnownFileType = sourcecode.c.h; path = GraphicsDeviceContext.h; sourceTree = "<group>"; };
		74B2C57728B079C30009BBF4 /* GraphicsDeviceContext.m */ = {isa = PBXFileReference; lastKnownFileType = sourcecode.c.objc; path = GraphicsDeviceContext.m; sourceTree = "<group>"; };
		74B579C329FCF51B00A4686D /* libWMFramework.a */ = {isa = PBXFileReference; explicitFileType = archive.ar; includeInIndex = 0; name = libWMFramework.a; path = /Users/komastar/dev/WildMiniEngine/Code/WMFramework/build/Debug/libWMFramework.a; sourceTree = "<absolute>"; };
		74B579C529FCF60E00A4686D /* WMThread.h */ = {isa = PBXFileReference; fileEncoding = 4; lastKnownFileType = sourcecode.c.h; path = WMThread.h; sourceTree = "<group>"; };
		74B579C829FCF60E00A4686D /* ThreadContext.h */ = {isa = PBXFileReference; fileEncoding = 4; lastKnownFileType = sourcecode.c.h; path = ThreadContext.h; sourceTree = "<group>"; };
		74B579C929FCF60E00A4686D /* ThreadContext.mm */ = {isa = PBXFileReference; fileEncoding = 4; lastKnownFileType = sourcecode.cpp.objcpp; path = ThreadContext.mm; sourceTree = "<group>"; };
		74B579CD29FCF60E00A4686D /* WMObject.h */ = {isa = PBXFileReference; fileEncoding = 4; lastKnownFileType = sourcecode.c.h; path = WMObject.h; sourceTree = "<group>"; };
		74B579CE29FCF60E00A4686D /* WMObject.cpp */ = {isa = PBXFileReference; fileEncoding = 4; lastKnownFileType = sourcecode.cpp.cpp; path = WMObject.cpp; sourceTree = "<group>"; };
		74B579CF29FCF60E00A4686D /* WMThread.cpp */ = {isa = PBXFileReference; fileEncoding = 4; lastKnownFileType = sourcecode.cpp.cpp; path = WMThread.cpp; sourceTree = "<group>"; };
		74B579D829FCFC4C00A4686D /* CommandQueue.h */ = {isa = PBXFileReference; lastKnownFileType = sourcecode.c.h; path = CommandQueue.h; sourceTree = "<group>"; };
		74B579DA29FCFD6E00A4686D /* CommandQueue.m */ = {isa = PBXFileReference; lastKnownFileType = sourcecode.c.objc; path = CommandQueue.m; sourceTree = "<group>"; };
		74B579EA29FD02AA00A4686D /* CommandBuffer.h */ = {isa = PBXFileReference; lastKnownFileType = sourcecode.c.h; path = CommandBuffer.h; sourceTree = "<group>"; };
		74B579EC29FD02F000A4686D /* CommandBuffer.m */ = {isa = PBXFileReference; lastKnownFileType = sourcecode.c.objc; path = CommandBuffer.m; sourceTree = "<group>"; };
		74B579EE29FD058600A4686D /* SwapChain.h */ = {isa = PBXFileReference; lastKnownFileType = sourcecode.c.h; path = SwapChain.h; sourceTree = "<group>"; };
		74B579F029FD05CE00A4686D /* SwapChain.m */ = {isa = PBXFileReference; lastKnownFileType = sourcecode.c.objc; path = SwapChain.m; sourceTree = "<group>"; };
		74B579F229FD09E800A4686D /* RenderCommandEncoder.h */ = {isa = PBXFileReference; lastKnownFileType = sourcecode.c.h; path = RenderCommandEncoder.h; sourceTree = "<group>"; };
		74B579F429FD0A4200A4686D /* RenderCommandEncoder.m */ = {isa = PBXFileReference; lastKnownFileType = sourcecode.c.objc; path = RenderCommandEncoder.m; sourceTree = "<group>"; };
		74B579F629FD1D2F00A4686D /* GPUBuffer.h */ = {isa = PBXFileReference; lastKnownFileType = sourcecode.c.h; path = GPUBuffer.h; sourceTree = "<group>"; };
		74B579F829FD1DDE00A4686D /* GPUBuffer.m */ = {isa = PBXFileReference; lastKnownFileType = sourcecode.c.objc; path = GPUBuffer.m; sourceTree = "<group>"; };
		74B579FA29FD23C500A4686D /* Texture.h */ = {isa = PBXFileReference; lastKnownFileType = sourcecode.c.h; path = Texture.h; sourceTree = "<group>"; };
		74B579FC29FD240D00A4686D /* Texture.m */ = {isa = PBXFileReference; lastKnownFileType = sourcecode.c.objc; path = Texture.m; sourceTree = "<group>"; };
		74E01DE428B07399005F8564 /* WMWindow.h */ = {isa = PBXFileReference; fileEncoding = 4; lastKnownFileType = sourcecode.c.h; path = WMWindow.h; sourceTree = "<group>"; };
		74E01DE728B07399005F8564 /* WindowContext.h */ = {isa = PBXFileReference; fileEncoding = 4; lastKnownFileType = sourcecode.c.h; path = WindowContext.h; sourceTree = "<group>"; };
		74E01DE828B07399005F8564 /* WindowContext.mm */ = {isa = PBXFileReference; fileEncoding = 4; lastKnownFileType = sourcecode.cpp.objcpp; path = WindowContext.mm; sourceTree = "<group>"; };
		74E01DE928B07399005F8564 /* WindowFactory.h */ = {isa = PBXFileReference; fileEncoding = 4; lastKnownFileType = sourcecode.c.h; path = WindowFactory.h; sourceTree = "<group>"; };
		74E01DEE28B07399005F8564 /* WMApplication.cpp */ = {isa = PBXFileReference; fileEncoding = 4; lastKnownFileType = sourcecode.cpp.cpp; path = WMApplication.cpp; sourceTree = "<group>"; };
		74E01DEF28B07399005F8564 /* WMApplicationContext.h */ = {isa = PBXFileReference; fileEncoding = 4; lastKnownFileType = sourcecode.c.h; path = WMApplicationContext.h; sourceTree = "<group>"; };
		74E01DF228B07399005F8564 /* ApplicationContext.mm */ = {isa = PBXFileReference; fileEncoding = 4; lastKnownFileType = sourcecode.cpp.objcpp; path = ApplicationContext.mm; sourceTree = "<group>"; };
		74E01DF328B07399005F8564 /* ApplicationContext.h */ = {isa = PBXFileReference; fileEncoding = 4; lastKnownFileType = sourcecode.c.h; path = ApplicationContext.h; sourceTree = "<group>"; };
		74E01DF428B07399005F8564 /* ApplicationContextFactory.h */ = {isa = PBXFileReference; fileEncoding = 4; lastKnownFileType = sourcecode.c.h; path = ApplicationContextFactory.h; sourceTree = "<group>"; };
		74E01DF828B07399005F8564 /* WMApplication.h */ = {isa = PBXFileReference; fileEncoding = 4; lastKnownFileType = sourcecode.c.h; path = WMApplication.h; sourceTree = "<group>"; };
		74E01DFA28B07399005F8564 /* WMTexture.h */ = {isa = PBXFileReference; fileEncoding = 4; lastKnownFileType = sourcecode.c.h; path = WMTexture.h; sourceTree = "<group>"; };
		74E01DFB28B07399005F8564 /* WMShader.h */ = {isa = PBXFileReference; fileEncoding = 4; lastKnownFileType = sourcecode.c.h; path = WMShader.h; sourceTree = "<group>"; };
		74E01DFC28B07399005F8564 /* WMRenderCommandEncoder.h */ = {isa = PBXFileReference; fileEncoding = 4; lastKnownFileType = sourcecode.c.h; path = WMRenderCommandEncoder.h; sourceTree = "<group>"; };
		74E01DFD28B07399005F8564 /* WMCamera.h */ = {isa = PBXFileReference; fileEncoding = 4; lastKnownFileType = sourcecode.c.h; path = WMCamera.h; sourceTree = "<group>"; };
		74E01DFF28B07399005F8564 /* WMColor.h */ = {isa = PBXFileReference; fileEncoding = 4; lastKnownFileType = sourcecode.c.h; path = WMColor.h; sourceTree = "<group>"; };
		74E01E0028B07399005F8564 /* WMRect.h */ = {isa = PBXFileReference; fileEncoding = 4; lastKnownFileType = sourcecode.c.h; path = WMRect.h; sourceTree = "<group>"; };
		74E01E0128B07399005F8564 /* WMPoint.h */ = {isa = PBXFileReference; fileEncoding = 4; lastKnownFileType = sourcecode.c.h; path = WMPoint.h; sourceTree = "<group>"; };
		74E01E0228B07399005F8564 /* WMPoint.cpp */ = {isa = PBXFileReference; fileEncoding = 4; lastKnownFileType = sourcecode.cpp.cpp; path = WMPoint.cpp; sourceTree = "<group>"; };
		74E01E0328B07399005F8564 /* WMQuad.cpp */ = {isa = PBXFileReference; fileEncoding = 4; lastKnownFileType = sourcecode.cpp.cpp; path = WMQuad.cpp; sourceTree = "<group>"; };
		74E01E0428B07399005F8564 /* WMQuad.h */ = {isa = PBXFileReference; fileEncoding = 4; lastKnownFileType = sourcecode.c.h; path = WMQuad.h; sourceTree = "<group>"; };
		74E01E0528B07399005F8564 /* WMViewport.h */ = {isa = PBXFileReference; fileEncoding = 4; lastKnownFileType = sourcecode.c.h; path = WMViewport.h; sourceTree = "<group>"; };
		74E01E0628B07399005F8564 /* WMSize.h */ = {isa = PBXFileReference; fileEncoding = 4; lastKnownFileType = sourcecode.c.h; path = WMSize.h; sourceTree = "<group>"; };
		74E01E0728B07399005F8564 /* WMColor.cpp */ = {isa = PBXFileReference; fileEncoding = 4; lastKnownFileType = sourcecode.cpp.cpp; path = WMColor.cpp; sourceTree = "<group>"; };
		74E01E0828B07399005F8564 /* WMRect.cpp */ = {isa = PBXFileReference; fileEncoding = 4; lastKnownFileType = sourcecode.cpp.cpp; path = WMRect.cpp; sourceTree = "<group>"; };
		74E01E0928B07399005F8564 /* WMViewport.cpp */ = {isa = PBXFileReference; fileEncoding = 4; lastKnownFileType = sourcecode.cpp.cpp; path = WMViewport.cpp; sourceTree = "<group>"; };
		74E01E0A28B07399005F8564 /* WMSize.cpp */ = {isa = PBXFileReference; fileEncoding = 4; lastKnownFileType = sourcecode.cpp.cpp; path = WMSize.cpp; sourceTree = "<group>"; };
		74E01E0B28B07399005F8564 /* WMGPUBuffer.h */ = {isa = PBXFileReference; fileEncoding = 4; lastKnownFileType = sourcecode.c.h; path = WMGPUBuffer.h; sourceTree = "<group>"; };
		74E01E0C28B07399005F8564 /* WMRenderPipeline.h */ = {isa = PBXFileReference; fileEncoding = 4; lastKnownFileType = sourcecode.c.h; path = WMRenderPipeline.h; sourceTree = "<group>"; };
		74E01E0E28B07399005F8564 /* GraphicsDeviceFactory.h */ = {isa = PBXFileReference; fileEncoding = 4; lastKnownFileType = sourcecode.c.h; path = GraphicsDeviceFactory.h; sourceTree = "<group>"; };
		74E01E2928B07399005F8564 /* WMBlendState.h */ = {isa = PBXFileReference; fileEncoding = 4; lastKnownFileType = sourcecode.c.h; path = WMBlendState.h; sourceTree = "<group>"; };
		74E01E2A28B07399005F8564 /* WMGraphicsDevice.cpp */ = {isa = PBXFileReference; fileEncoding = 4; lastKnownFileType = sourcecode.cpp.cpp; path = WMGraphicsDevice.cpp; sourceTree = "<group>"; };
		74E01E2B28B07399005F8564 /* WMGraphicsDevice.h */ = {isa = PBXFileReference; fileEncoding = 4; lastKnownFileType = sourcecode.c.h; path = WMGraphicsDevice.h; sourceTree = "<group>"; };
		74E01E2D28B07399005F8564 /* WMVertex.h */ = {isa = PBXFileReference; fileEncoding = 4; lastKnownFileType = sourcecode.c.h; path = WMVertex.h; sourceTree = "<group>"; };
		74E01E2E28B07399005F8564 /* WMGeometryFactory.h */ = {isa = PBXFileReference; fileEncoding = 4; lastKnownFileType = sourcecode.c.h; path = WMGeometryFactory.h; sourceTree = "<group>"; };
		74E01E2F28B07399005F8564 /* WMMesh.h */ = {isa = PBXFileReference; fileEncoding = 4; lastKnownFileType = sourcecode.c.h; path = WMMesh.h; sourceTree = "<group>"; };
		74E01E3028B07399005F8564 /* WMGeometryFactory.cpp */ = {isa = PBXFileReference; fileEncoding = 4; lastKnownFileType = sourcecode.cpp.cpp; path = WMGeometryFactory.cpp; sourceTree = "<group>"; };
		74E01E3128B07399005F8564 /* WMCamera.cpp */ = {isa = PBXFileReference; fileEncoding = 4; lastKnownFileType = sourcecode.cpp.cpp; path = WMCamera.cpp; sourceTree = "<group>"; };
		74E01E3228B07399005F8564 /* WMSwapChain.h */ = {isa = PBXFileReference; fileEncoding = 4; lastKnownFileType = sourcecode.c.h; path = WMSwapChain.h; sourceTree = "<group>"; };
		74E01E3328B07399005F8564 /* WMVertexDescriptor.h */ = {isa = PBXFileReference; fileEncoding = 4; lastKnownFileType = sourcecode.c.h; path = WMVertexDescriptor.h; sourceTree = "<group>"; };
		74E01E3428B07399005F8564 /* WMCopyCommandEncoder.h */ = {isa = PBXFileReference; fileEncoding = 4; lastKnownFileType = sourcecode.c.h; path = WMCopyCommandEncoder.h; sourceTree = "<group>"; };
		74E01E3528B07399005F8564 /* WMCommandQueue.h */ = {isa = PBXFileReference; fileEncoding = 4; lastKnownFileType = sourcecode.c.h; path = WMCommandQueue.h; sourceTree = "<group>"; };
		74E01E3628B07399005F8564 /* WMCommandBuffer.h */ = {isa = PBXFileReference; fileEncoding = 4; lastKnownFileType = sourcecode.c.h; path = WMCommandBuffer.h; sourceTree = "<group>"; };
		74E01E8728B07399005F8564 /* WMMath.h */ = {isa = PBXFileReference; fileEncoding = 4; lastKnownFileType = sourcecode.c.h; path = WMMath.h; sourceTree = "<group>"; };
		74E01E8828B07399005F8564 /* WMMatrix3.h */ = {isa = PBXFileReference; fileEncoding = 4; lastKnownFileType = sourcecode.c.h; path = WMMatrix3.h; sourceTree = "<group>"; };
		74E01E8928B07399005F8564 /* WMVector4Int.cpp */ = {isa = PBXFileReference; fileEncoding = 4; lastKnownFileType = sourcecode.cpp.cpp; path = WMVector4Int.cpp; sourceTree = "<group>"; };
		74E01E8A28B07399005F8564 /* WMVector3.h */ = {isa = PBXFileReference; fileEncoding = 4; lastKnownFileType = sourcecode.c.h; path = WMVector3.h; sourceTree = "<group>"; };
		74E01E8B28B07399005F8564 /* WMLinearTransform3.h */ = {isa = PBXFileReference; fileEncoding = 4; lastKnownFileType = sourcecode.c.h; path = WMLinearTransform3.h; sourceTree = "<group>"; };
		74E01E8C28B07399005F8564 /* WMMatrix4.h */ = {isa = PBXFileReference; fileEncoding = 4; lastKnownFileType = sourcecode.c.h; path = WMMatrix4.h; sourceTree = "<group>"; };
		74E01E8D28B07399005F8564 /* WMVector4.h */ = {isa = PBXFileReference; fileEncoding = 4; lastKnownFileType = sourcecode.c.h; path = WMVector4.h; sourceTree = "<group>"; };
		74E01E8E28B07399005F8564 /* WMAffineTransform3.h */ = {isa = PBXFileReference; fileEncoding = 4; lastKnownFileType = sourcecode.c.h; path = WMAffineTransform3.h; sourceTree = "<group>"; };
		74E01E8F28B07399005F8564 /* WMVector2Int.cpp */ = {isa = PBXFileReference; fileEncoding = 4; lastKnownFileType = sourcecode.cpp.cpp; path = WMVector2Int.cpp; sourceTree = "<group>"; };
		74E01E9028B07399005F8564 /* WMLinearTransform2.h */ = {isa = PBXFileReference; fileEncoding = 4; lastKnownFileType = sourcecode.c.h; path = WMLinearTransform2.h; sourceTree = "<group>"; };
		74E01E9128B07399005F8564 /* WMAffineTransform2.cpp */ = {isa = PBXFileReference; fileEncoding = 4; lastKnownFileType = sourcecode.cpp.cpp; path = WMAffineTransform2.cpp; sourceTree = "<group>"; };
		74E01E9228B07399005F8564 /* WMVector4Int.h */ = {isa = PBXFileReference; fileEncoding = 4; lastKnownFileType = sourcecode.c.h; path = WMVector4Int.h; sourceTree = "<group>"; };
		74E01E9328B07399005F8564 /* WMAffineTransform3.cpp */ = {isa = PBXFileReference; fileEncoding = 4; lastKnownFileType = sourcecode.cpp.cpp; path = WMAffineTransform3.cpp; sourceTree = "<group>"; };
		74E01E9428B07399005F8564 /* WMVector4.cpp */ = {isa = PBXFileReference; fileEncoding = 4; lastKnownFileType = sourcecode.cpp.cpp; path = WMVector4.cpp; sourceTree = "<group>"; };
		74E01E9528B07399005F8564 /* WMLinearTransform3.cpp */ = {isa = PBXFileReference; fileEncoding = 4; lastKnownFileType = sourcecode.cpp.cpp; path = WMLinearTransform3.cpp; sourceTree = "<group>"; };
		74E01E9628B07399005F8564 /* WMLinearTransform2.cpp */ = {isa = PBXFileReference; fileEncoding = 4; lastKnownFileType = sourcecode.cpp.cpp; path = WMLinearTransform2.cpp; sourceTree = "<group>"; };
		74E01E9728B07399005F8564 /* WMVector3.cpp */ = {isa = PBXFileReference; fileEncoding = 4; lastKnownFileType = sourcecode.cpp.cpp; path = WMVector3.cpp; sourceTree = "<group>"; };
		74E01E9828B07399005F8564 /* WMAffineTransform2.h */ = {isa = PBXFileReference; fileEncoding = 4; lastKnownFileType = sourcecode.c.h; path = WMAffineTransform2.h; sourceTree = "<group>"; };
		74E01E9928B07399005F8564 /* WMVector2.cpp */ = {isa = PBXFileReference; fileEncoding = 4; lastKnownFileType = sourcecode.cpp.cpp; path = WMVector2.cpp; sourceTree = "<group>"; };
		74E01E9A28B07399005F8564 /* WMMatrix4.cpp */ = {isa = PBXFileReference; fileEncoding = 4; lastKnownFileType = sourcecode.cpp.cpp; path = WMMatrix4.cpp; sourceTree = "<group>"; };
		74E01E9B28B07399005F8564 /* WMVector2Int.h */ = {isa = PBXFileReference; fileEncoding = 4; lastKnownFileType = sourcecode.c.h; path = WMVector2Int.h; sourceTree = "<group>"; };
		74E01E9C28B07399005F8564 /* WMMatrix2.h */ = {isa = PBXFileReference; fileEncoding = 4; lastKnownFileType = sourcecode.c.h; path = WMMatrix2.h; sourceTree = "<group>"; };
		74E01E9D28B07399005F8564 /* WMMatrix2.cpp */ = {isa = PBXFileReference; fileEncoding = 4; lastKnownFileType = sourcecode.cpp.cpp; path = WMMatrix2.cpp; sourceTree = "<group>"; };
		74E01E9E28B07399005F8564 /* WMVector3Int.cpp */ = {isa = PBXFileReference; fileEncoding = 4; lastKnownFileType = sourcecode.cpp.cpp; path = WMVector3Int.cpp; sourceTree = "<group>"; };
		74E01E9F28B07399005F8564 /* WMVector3Int.h */ = {isa = PBXFileReference; fileEncoding = 4; lastKnownFileType = sourcecode.c.h; path = WMVector3Int.h; sourceTree = "<group>"; };
		74E01EA028B07399005F8564 /* WMMatrix3.cpp */ = {isa = PBXFileReference; fileEncoding = 4; lastKnownFileType = sourcecode.cpp.cpp; path = WMMatrix3.cpp; sourceTree = "<group>"; };
		74E01EA128B07399005F8564 /* WMVector2.h */ = {isa = PBXFileReference; fileEncoding = 4; lastKnownFileType = sourcecode.c.h; path = WMVector2.h; sourceTree = "<group>"; };
		74E01EA428B07399005F8564 /* WMFileHandle.h */ = {isa = PBXFileReference; fileEncoding = 4; lastKnownFileType = sourcecode.c.h; path = WMFileHandle.h; sourceTree = "<group>"; };
		74E01EA528B07399005F8564 /* WMFile.cpp */ = {isa = PBXFileReference; fileEncoding = 4; lastKnownFileType = sourcecode.cpp.cpp; path = WMFile.cpp; sourceTree = "<group>"; };
		74E01EA728B07399005F8564 /* FileHandle.h */ = {isa = PBXFileReference; fileEncoding = 4; lastKnownFileType = sourcecode.c.h; path = FileHandle.h; sourceTree = "<group>"; };
		74E01EA828B07399005F8564 /* WMFile.h */ = {isa = PBXFileReference; fileEncoding = 4; lastKnownFileType = sourcecode.c.h; path = WMFile.h; sourceTree = "<group>"; };
		74E01EAA28B07399005F8564 /* WMThread.h */ = {isa = PBXFileReference; fileEncoding = 4; lastKnownFileType = sourcecode.c.h; path = WMThread.h; sourceTree = "<group>"; };
		74E01EAD28B07399005F8564 /* ThreadContext.h */ = {isa = PBXFileReference; fileEncoding = 4; lastKnownFileType = sourcecode.c.h; path = ThreadContext.h; sourceTree = "<group>"; };
		74E01EAE28B07399005F8564 /* ThreadContext.mm */ = {isa = PBXFileReference; fileEncoding = 4; lastKnownFileType = sourcecode.cpp.objcpp; path = ThreadContext.mm; sourceTree = "<group>"; };
		74E01EB228B07399005F8564 /* WMThread.cpp */ = {isa = PBXFileReference; fileEncoding = 4; lastKnownFileType = sourcecode.cpp.cpp; path = WMThread.cpp; sourceTree = "<group>"; };
		74E01EB828B07399005F8564 /* WMLogVariant.cpp */ = {isa = PBXFileReference; fileEncoding = 4; lastKnownFileType = sourcecode.cpp.cpp; path = WMLogVariant.cpp; sourceTree = "<group>"; };
		74E01EB928B07399005F8564 /* WMLog.h */ = {isa = PBXFileReference; fileEncoding = 4; lastKnownFileType = sourcecode.c.h; path = WMLog.h; sourceTree = "<group>"; };
		74E01EBA28B07399005F8564 /* WMLog.cpp */ = {isa = PBXFileReference; fileEncoding = 4; lastKnownFileType = sourcecode.cpp.cpp; path = WMLog.cpp; sourceTree = "<group>"; };
		74E01EBB28B07399005F8564 /* WMLogVariant.h */ = {isa = PBXFileReference; fileEncoding = 4; lastKnownFileType = sourcecode.c.h; path = WMLogVariant.h; sourceTree = "<group>"; };
/* End PBXFileReference section */

/* Begin PBXFrameworksBuildPhase section */
		746B5FF2284CD3D7006D011A /* Frameworks */ = {
			isa = PBXFrameworksBuildPhase;
			buildActionMask = 2147483647;
			files = (
			);
			runOnlyForDeploymentPostprocessing = 0;
		};
/* End PBXFrameworksBuildPhase section */

/* Begin PBXGroup section */
		746B5FEB284CD3D7006D011A = {
			isa = PBXGroup;
			children = (
				74B579C429FCF60E00A4686D /* Common */,
				74E01DED28B07399005F8564 /* Application */,
				74E01EA928B07399005F8564 /* Common */,
				74E01DF928B07399005F8564 /* Graphics */,
				74E01EA228B07399005F8564 /* IO */,
				74E01EB728B07399005F8564 /* Log */,
				74E01E8628B07399005F8564 /* Math */,
				74E01E3728B07399005F8564 /* UI */,
				74E01DE328B07399005F8564 /* Window */,
				746E6A21284DEE4900805558 /* WMFramework.h */,
			);
			sourceTree = "<group>";
		};
		74B579C429FCF60E00A4686D /* Common */ = {
			isa = PBXGroup;
			children = (
				74B579C529FCF60E00A4686D /* WMThread.h */,
				74B579C629FCF60E00A4686D /* Private */,
				74B579CD29FCF60E00A4686D /* WMObject.h */,
				74B579CE29FCF60E00A4686D /* WMObject.cpp */,
				74B579CF29FCF60E00A4686D /* WMThread.cpp */,
			);
			path = Common;
			sourceTree = "<group>";
		};
		74B579C629FCF60E00A4686D /* Private */ = {
			isa = PBXGroup;
			children = (
				74B579C729FCF60E00A4686D /* Cocoa */,
			);
			path = Private;
			sourceTree = "<group>";
		};
		74B579C729FCF60E00A4686D /* Cocoa */ = {
			isa = PBXGroup;
			children = (
				74B579C829FCF60E00A4686D /* ThreadContext.h */,
				74B579C929FCF60E00A4686D /* ThreadContext.mm */,
			);
			path = Cocoa;
			sourceTree = "<group>";
		};
		74E01DE328B07399005F8564 /* Window */ = {
			isa = PBXGroup;
			children = (
				74E01DE528B07399005F8564 /* Private */,
				74E01DE428B07399005F8564 /* WMWindow.h */,
			);
			path = Window;
			sourceTree = "<group>";
		};
		74E01DE528B07399005F8564 /* Private */ = {
			isa = PBXGroup;
			children = (
				74E01DE628B07399005F8564 /* Cocoa */,
				74E01DE928B07399005F8564 /* WindowFactory.h */,
			);
			path = Private;
			sourceTree = "<group>";
		};
		74E01DE628B07399005F8564 /* Cocoa */ = {
			isa = PBXGroup;
			children = (
				74E01DE728B07399005F8564 /* WindowContext.h */,
				74E01DE828B07399005F8564 /* WindowContext.mm */,
			);
			path = Cocoa;
			sourceTree = "<group>";
		};
		74E01DED28B07399005F8564 /* Application */ = {
			isa = PBXGroup;
			children = (
				74E01DF028B07399005F8564 /* Private */,
				74E01DEE28B07399005F8564 /* WMApplication.cpp */,
				74E01DF828B07399005F8564 /* WMApplication.h */,
				74E01DEF28B07399005F8564 /* WMApplicationContext.h */,
			);
			path = Application;
			sourceTree = "<group>";
		};
		74E01DF028B07399005F8564 /* Private */ = {
			isa = PBXGroup;
			children = (
				74E01DF128B07399005F8564 /* Cocoa */,
				74E01DF428B07399005F8564 /* ApplicationContextFactory.h */,
			);
			path = Private;
			sourceTree = "<group>";
		};
		74E01DF128B07399005F8564 /* Cocoa */ = {
			isa = PBXGroup;
			children = (
				74E01DF228B07399005F8564 /* ApplicationContext.mm */,
				74E01DF328B07399005F8564 /* ApplicationContext.h */,
			);
			path = Cocoa;
			sourceTree = "<group>";
		};
		74E01DF928B07399005F8564 /* Graphics */ = {
			isa = PBXGroup;
			children = (
				74E01E2C28B07399005F8564 /* Geometry */,
				74E01DFE28B07399005F8564 /* Primitive */,
				74E01E0D28B07399005F8564 /* Private */,
				74E01E2928B07399005F8564 /* WMBlendState.h */,
				74E01E3128B07399005F8564 /* WMCamera.cpp */,
				74E01DFD28B07399005F8564 /* WMCamera.h */,
				74E01E3628B07399005F8564 /* WMCommandBuffer.h */,
				74E01E3528B07399005F8564 /* WMCommandQueue.h */,
				74E01E3428B07399005F8564 /* WMCopyCommandEncoder.h */,
				74E01E0B28B07399005F8564 /* WMGPUBuffer.h */,
				74E01E2A28B07399005F8564 /* WMGraphicsDevice.cpp */,
				74E01E2B28B07399005F8564 /* WMGraphicsDevice.h */,
				74E01DFC28B07399005F8564 /* WMRenderCommandEncoder.h */,
				74E01E0C28B07399005F8564 /* WMRenderPipeline.h */,
				74E01DFB28B07399005F8564 /* WMShader.h */,
				74E01E3228B07399005F8564 /* WMSwapChain.h */,
				74E01DFA28B07399005F8564 /* WMTexture.h */,
				74E01E3328B07399005F8564 /* WMVertexDescriptor.h */,
			);
			path = Graphics;
			sourceTree = "<group>";
		};
		74E01DFE28B07399005F8564 /* Primitive */ = {
			isa = PBXGroup;
			children = (
				74E01DFF28B07399005F8564 /* WMColor.h */,
				74E01E0028B07399005F8564 /* WMRect.h */,
				74E01E0128B07399005F8564 /* WMPoint.h */,
				74E01E0228B07399005F8564 /* WMPoint.cpp */,
				74E01E0328B07399005F8564 /* WMQuad.cpp */,
				74E01E0428B07399005F8564 /* WMQuad.h */,
				74E01E0528B07399005F8564 /* WMViewport.h */,
				74E01E0628B07399005F8564 /* WMSize.h */,
				74E01E0728B07399005F8564 /* WMColor.cpp */,
				74E01E0828B07399005F8564 /* WMRect.cpp */,
				74E01E0928B07399005F8564 /* WMViewport.cpp */,
				74E01E0A28B07399005F8564 /* WMSize.cpp */,
			);
			path = Primitive;
			sourceTree = "<group>";
		};
		74E01E0D28B07399005F8564 /* Private */ = {
			isa = PBXGroup;
			children = (
				74E01E0E28B07399005F8564 /* GraphicsDeviceFactory.h */,
				74E01E2728B07399005F8564 /* Metal */,
			);
			path = Private;
			sourceTree = "<group>";
		};
		74E01E2728B07399005F8564 /* Metal */ = {
			isa = PBXGroup;
			children = (
				74B2C57528B078FD0009BBF4 /* GraphicsDeviceContext.h */,
				74B2C57728B079C30009BBF4 /* GraphicsDeviceContext.m */,
				74B579D829FCFC4C00A4686D /* CommandQueue.h */,
				74B579DA29FCFD6E00A4686D /* CommandQueue.m */,
				74B579EA29FD02AA00A4686D /* CommandBuffer.h */,
				74B579EC29FD02F000A4686D /* CommandBuffer.m */,
				74B579EE29FD058600A4686D /* SwapChain.h */,
				74B579F029FD05CE00A4686D /* SwapChain.m */,
				74B579F229FD09E800A4686D /* RenderCommandEncoder.h */,
				74B579F429FD0A4200A4686D /* RenderCommandEncoder.m */,
				74B579F629FD1D2F00A4686D /* GPUBuffer.h */,
				74B579F829FD1DDE00A4686D /* GPUBuffer.m */,
				74B579FA29FD23C500A4686D /* Texture.h */,
				74B579FC29FD240D00A4686D /* Texture.m */,
			);
			path = Metal;
			sourceTree = "<group>";
		};
		74E01E2C28B07399005F8564 /* Geometry */ = {
			isa = PBXGroup;
			children = (
				74E01E2D28B07399005F8564 /* WMVertex.h */,
				74E01E2E28B07399005F8564 /* WMGeometryFactory.h */,
				74E01E2F28B07399005F8564 /* WMMesh.h */,
				74E01E3028B07399005F8564 /* WMGeometryFactory.cpp */,
			);
			path = Geometry;
			sourceTree = "<group>";
		};
		74E01E3728B07399005F8564 /* UI */ = {
			isa = PBXGroup;
			children = (
			);
			path = UI;
			sourceTree = "<group>";
		};
		74E01E8628B07399005F8564 /* Math */ = {
			isa = PBXGroup;
			children = (
				74E01E9128B07399005F8564 /* WMAffineTransform2.cpp */,
				74E01E9828B07399005F8564 /* WMAffineTransform2.h */,
				74E01E9328B07399005F8564 /* WMAffineTransform3.cpp */,
				74E01E8E28B07399005F8564 /* WMAffineTransform3.h */,
				74E01E9628B07399005F8564 /* WMLinearTransform2.cpp */,
				74E01E9028B07399005F8564 /* WMLinearTransform2.h */,
				74E01E9528B07399005F8564 /* WMLinearTransform3.cpp */,
				74E01E8B28B07399005F8564 /* WMLinearTransform3.h */,
				74E01E8728B07399005F8564 /* WMMath.h */,
				74E01E9D28B07399005F8564 /* WMMatrix2.cpp */,
				74E01E9C28B07399005F8564 /* WMMatrix2.h */,
				74E01EA028B07399005F8564 /* WMMatrix3.cpp */,
				74E01E8828B07399005F8564 /* WMMatrix3.h */,
				74E01E9A28B07399005F8564 /* WMMatrix4.cpp */,
				74E01E8C28B07399005F8564 /* WMMatrix4.h */,
				74E01E9928B07399005F8564 /* WMVector2.cpp */,
				74E01EA128B07399005F8564 /* WMVector2.h */,
				74E01E8F28B07399005F8564 /* WMVector2Int.cpp */,
				74E01E9B28B07399005F8564 /* WMVector2Int.h */,
				74E01E9728B07399005F8564 /* WMVector3.cpp */,
				74E01E8A28B07399005F8564 /* WMVector3.h */,
				74E01E9E28B07399005F8564 /* WMVector3Int.cpp */,
				74E01E9F28B07399005F8564 /* WMVector3Int.h */,
				74E01E9428B07399005F8564 /* WMVector4.cpp */,
				74E01E8D28B07399005F8564 /* WMVector4.h */,
				74E01E8928B07399005F8564 /* WMVector4Int.cpp */,
				74E01E9228B07399005F8564 /* WMVector4Int.h */,
			);
			path = Math;
			sourceTree = "<group>";
		};
		74E01EA228B07399005F8564 /* IO */ = {
			isa = PBXGroup;
			children = (
				74E01EA328B07399005F8564 /* File */,
			);
			path = IO;
			sourceTree = "<group>";
		};
		74E01EA328B07399005F8564 /* File */ = {
			isa = PBXGroup;
			children = (
				74E01EA628B07399005F8564 /* Private */,
				74E01EA528B07399005F8564 /* WMFile.cpp */,
				74E01EA828B07399005F8564 /* WMFile.h */,
				74E01EA428B07399005F8564 /* WMFileHandle.h */,
			);
			path = File;
			sourceTree = "<group>";
		};
		74E01EA628B07399005F8564 /* Private */ = {
			isa = PBXGroup;
			children = (
				74E01EA728B07399005F8564 /* FileHandle.h */,
			);
			path = Private;
			sourceTree = "<group>";
		};
		74E01EA928B07399005F8564 /* Common */ = {
			isa = PBXGroup;
			children = (
				74E01EAB28B07399005F8564 /* Private */,
				74E01EB228B07399005F8564 /* WMThread.cpp */,
				74E01EAA28B07399005F8564 /* WMThread.h */,
			);
			path = Common;
			sourceTree = "<group>";
		};
		74E01EAB28B07399005F8564 /* Private */ = {
			isa = PBXGroup;
			children = (
				74E01EAC28B07399005F8564 /* Cocoa */,
			);
			path = Private;
			sourceTree = "<group>";
		};
		74E01EAC28B07399005F8564 /* Cocoa */ = {
			isa = PBXGroup;
			children = (
				74E01EAD28B07399005F8564 /* ThreadContext.h */,
				74E01EAE28B07399005F8564 /* ThreadContext.mm */,
			);
			path = Cocoa;
			sourceTree = "<group>";
		};
		74E01EB728B07399005F8564 /* Log */ = {
			isa = PBXGroup;
			children = (
				74E01EBA28B07399005F8564 /* WMLog.cpp */,
				74E01EB928B07399005F8564 /* WMLog.h */,
				74E01EB828B07399005F8564 /* WMLogVariant.cpp */,
				74E01EBB28B07399005F8564 /* WMLogVariant.h */,
			);
			path = Log;
			sourceTree = "<group>";
		};
/* End PBXGroup section */

/* Begin PBXHeadersBuildPhase section */
		746B5FF0284CD3D7006D011A /* Headers */ = {
			isa = PBXHeadersBuildPhase;
			buildActionMask = 2147483647;
			files = (
				74E01EDB28B07399005F8564 /* WMRenderPipeline.h in Headers */,
				74E01EF828B07399005F8564 /* WMGeometryFactory.h in Headers */,
				74B579F729FD1D2F00A4686D /* GPUBuffer.h in Headers */,
				74E01F5528B0739A005F8564 /* ThreadContext.h in Headers */,
				74E01F5E28B0739A005F8564 /* WMLog.h in Headers */,
				74E01ECF28B07399005F8564 /* WMRect.h in Headers */,
				74E01F4028B0739A005F8564 /* WMVector4Int.h in Headers */,
				74E01F3528B0739A005F8564 /* WMMath.h in Headers */,
				74E01F3628B0739A005F8564 /* WMMatrix3.h in Headers */,
				74B579D529FCF60E00A4686D /* WMObject.h in Headers */,
				74E01F3B28B0739A005F8564 /* WMVector4.h in Headers */,
				74E01ED528B07399005F8564 /* WMSize.h in Headers */,
				74E01EF928B07399005F8564 /* WMMesh.h in Headers */,
				74E01ECC28B07399005F8564 /* WMRenderCommandEncoder.h in Headers */,
				74E01EDA28B07399005F8564 /* WMGPUBuffer.h in Headers */,
				74E01F3928B0739A005F8564 /* WMLinearTransform3.h in Headers */,
				74E01EFE28B07399005F8564 /* WMCopyCommandEncoder.h in Headers */,
				74E01EBC28B07399005F8564 /* WMWindow.h in Headers */,
				74B579D129FCF60E00A4686D /* ThreadContext.h in Headers */,
				74E01F5328B0739A005F8564 /* WMFile.h in Headers */,
				74E01F3828B0739A005F8564 /* WMVector3.h in Headers */,
				74E01EFF28B07399005F8564 /* WMCommandQueue.h in Headers */,
				74E01F5028B0739A005F8564 /* WMFileHandle.h in Headers */,
				74E01EC628B07399005F8564 /* ApplicationContextFactory.h in Headers */,
				74B579F329FD09E800A4686D /* RenderCommandEncoder.h in Headers */,
				74E01F5228B0739A005F8564 /* FileHandle.h in Headers */,
				74E01F3E28B0739A005F8564 /* WMLinearTransform2.h in Headers */,
				74E01EBF28B07399005F8564 /* WindowFactory.h in Headers */,
				74E01F4F28B0739A005F8564 /* WMVector2.h in Headers */,
				74E01F4D28B0739A005F8564 /* WMVector3Int.h in Headers */,
				74E01F4628B0739A005F8564 /* WMAffineTransform2.h in Headers */,
				74E01F3A28B0739A005F8564 /* WMMatrix4.h in Headers */,
				74E01ECD28B07399005F8564 /* WMCamera.h in Headers */,
				74E01ED328B07399005F8564 /* WMQuad.h in Headers */,
				74B579EB29FD02AA00A4686D /* CommandBuffer.h in Headers */,
				74E01F3C28B0739A005F8564 /* WMAffineTransform3.h in Headers */,
				74E01ECE28B07399005F8564 /* WMColor.h in Headers */,
				74E01F6028B0739A005F8564 /* WMLogVariant.h in Headers */,
				74E01EF428B07399005F8564 /* WMBlendState.h in Headers */,
				74E01F4928B0739A005F8564 /* WMVector2Int.h in Headers */,
				74E01EC328B07399005F8564 /* WMApplicationContext.h in Headers */,
				74B579D029FCF60E00A4686D /* WMThread.h in Headers */,
				74E01EC928B07399005F8564 /* WMApplication.h in Headers */,
				74E01EFC28B07399005F8564 /* WMSwapChain.h in Headers */,
				74E01EF728B07399005F8564 /* WMVertex.h in Headers */,
				74E01EC528B07399005F8564 /* ApplicationContext.h in Headers */,
				74E01ED028B07399005F8564 /* WMPoint.h in Headers */,
				74E01ECB28B07399005F8564 /* WMShader.h in Headers */,
				74B579FB29FD23C500A4686D /* Texture.h in Headers */,
				74E01EBD28B07399005F8564 /* WindowContext.h in Headers */,
				74E01EF628B07399005F8564 /* WMGraphicsDevice.h in Headers */,
				74E01ED428B07399005F8564 /* WMViewport.h in Headers */,
				74E01EDC28B07399005F8564 /* GraphicsDeviceFactory.h in Headers */,
				74B2C57628B078FD0009BBF4 /* GraphicsDeviceContext.h in Headers */,
				74B579D929FCFC4C00A4686D /* CommandQueue.h in Headers */,
				74E01ECA28B07399005F8564 /* WMTexture.h in Headers */,
				74E01F4A28B0739A005F8564 /* WMMatrix2.h in Headers */,
				74E01EFD28B07399005F8564 /* WMVertexDescriptor.h in Headers */,
				74E01F0028B07399005F8564 /* WMCommandBuffer.h in Headers */,
				74B579EF29FD058600A4686D /* SwapChain.h in Headers */,
				746E6A74284DEE4A00805558 /* WMFramework.h in Headers */,
				74E01F5428B0739A005F8564 /* WMThread.h in Headers */,
			);
			runOnlyForDeploymentPostprocessing = 0;
		};
/* End PBXHeadersBuildPhase section */

/* Begin PBXNativeTarget section */
		746B5FF3284CD3D7006D011A /* WMFramework */ = {
			isa = PBXNativeTarget;
			buildConfigurationList = 746B5FFD284CD3D7006D011A /* Build configuration list for PBXNativeTarget "WMFramework" */;
			buildPhases = (
				746B5FF0284CD3D7006D011A /* Headers */,
				746B5FF1284CD3D7006D011A /* Sources */,
				746B5FF2284CD3D7006D011A /* Frameworks */,
			);
			buildRules = (
			);
			dependencies = (
			);
			name = WMFramework;
			productName = WMFramework;
			productReference = 74B579C329FCF51B00A4686D /* libWMFramework.a */;
			productType = "com.apple.product-type.library.static";
		};
/* End PBXNativeTarget section */

/* Begin PBXProject section */
		746B5FEC284CD3D7006D011A /* Project object */ = {
			isa = PBXProject;
			attributes = {
				BuildIndependentTargetsInParallel = 1;
				LastUpgradeCheck = 1340;
				TargetAttributes = {
					746B5FF3284CD3D7006D011A = {
						CreatedOnToolsVersion = 13.4.1;
					};
				};
			};
			buildConfigurationList = 746B5FEF284CD3D7006D011A /* Build configuration list for PBXProject "WMFramework" */;
			compatibilityVersion = "Xcode 13.0";
			developmentRegion = en;
			hasScannedForEncodings = 0;
			knownRegions = (
				en,
				Base,
			);
			mainGroup = 746B5FEB284CD3D7006D011A;
			productRefGroup = 746B5FEB284CD3D7006D011A;
			projectDirPath = "";
			projectRoot = "";
			targets = (
				746B5FF3284CD3D7006D011A /* WMFramework */,
			);
		};
/* End PBXProject section */

/* Begin PBXSourcesBuildPhase section */
		746B5FF1284CD3D7006D011A /* Sources */ = {
			isa = PBXSourcesBuildPhase;
			buildActionMask = 2147483647;
			files = (
				74E01ED228B07399005F8564 /* WMQuad.cpp in Sources */,
				74E01F4B28B0739A005F8564 /* WMMatrix2.cpp in Sources */,
				74E01EFA28B07399005F8564 /* WMGeometryFactory.cpp in Sources */,
				74E01EBE28B07399005F8564 /* WindowContext.mm in Sources */,
				74E01ED928B07399005F8564 /* WMSize.cpp in Sources */,
				74E01F4528B0739A005F8564 /* WMVector3.cpp in Sources */,
				74B579D729FCF60E00A4686D /* WMThread.cpp in Sources */,
				74E01F4828B0739A005F8564 /* WMMatrix4.cpp in Sources */,
				74E01ED728B07399005F8564 /* WMRect.cpp in Sources */,
				74E01F3728B0739A005F8564 /* WMVector4Int.cpp in Sources */,
				74E01EC228B07399005F8564 /* WMApplication.cpp in Sources */,
				74E01F5F28B0739A005F8564 /* WMLog.cpp in Sources */,
				74E01F4C28B0739A005F8564 /* WMVector3Int.cpp in Sources */,
				74B579FD29FD240D00A4686D /* Texture.m in Sources */,
				74E01F3F28B0739A005F8564 /* WMAffineTransform2.cpp in Sources */,
				74B579F529FD0A4200A4686D /* RenderCommandEncoder.m in Sources */,
				74E01ED828B07399005F8564 /* WMViewport.cpp in Sources */,
				74E01F5628B0739A005F8564 /* ThreadContext.mm in Sources */,
				74E01F5928B0739A005F8564 /* WMThread.cpp in Sources */,
				74E01EC428B07399005F8564 /* ApplicationContext.mm in Sources */,
				74B579F129FD05CE00A4686D /* SwapChain.m in Sources */,
				74E01F4428B0739A005F8564 /* WMLinearTransform2.cpp in Sources */,
				74E01F5D28B0739A005F8564 /* WMLogVariant.cpp in Sources */,
				74E01F5128B0739A005F8564 /* WMFile.cpp in Sources */,
				74E01ED128B07399005F8564 /* WMPoint.cpp in Sources */,
				74B579D229FCF60E00A4686D /* ThreadContext.mm in Sources */,
				74E01F4728B0739A005F8564 /* WMVector2.cpp in Sources */,
				74E01F3D28B0739A005F8564 /* WMVector2Int.cpp in Sources */,
				74E01F4128B0739A005F8564 /* WMAffineTransform3.cpp in Sources */,
				74B2C57828B079C30009BBF4 /* GraphicsDeviceContext.m in Sources */,
				74B579F929FD1DDE00A4686D /* GPUBuffer.m in Sources */,
				74E01EFB28B07399005F8564 /* WMCamera.cpp in Sources */,
				74B579D629FCF60E00A4686D /* WMObject.cpp in Sources */,
				74E01ED628B07399005F8564 /* WMColor.cpp in Sources */,
				74E01EF528B07399005F8564 /* WMGraphicsDevice.cpp in Sources */,
				74E01F4E28B0739A005F8564 /* WMMatrix3.cpp in Sources */,
				74E01F4228B0739A005F8564 /* WMVector4.cpp in Sources */,
				74B579DB29FCFD6E00A4686D /* CommandQueue.m in Sources */,
				74E01F4328B0739A005F8564 /* WMLinearTransform3.cpp in Sources */,
				74B579ED29FD02F000A4686D /* CommandBuffer.m in Sources */,
			);
			runOnlyForDeploymentPostprocessing = 0;
		};
/* End PBXSourcesBuildPhase section */

/* Begin XCBuildConfiguration section */
		746B5FFB284CD3D7006D011A /* Debug */ = {
			isa = XCBuildConfiguration;
			buildSettings = {
				ALWAYS_SEARCH_USER_PATHS = NO;
				CLANG_ANALYZER_NONNULL = YES;
				CLANG_ANALYZER_NUMBER_OBJECT_CONVERSION = YES_AGGRESSIVE;
				CLANG_CXX_LANGUAGE_STANDARD = "c++20";
				CLANG_ENABLE_MODULES = YES;
				CLANG_ENABLE_OBJC_ARC = YES;
				CLANG_ENABLE_OBJC_WEAK = YES;
				CLANG_WARN_BLOCK_CAPTURE_AUTORELEASING = YES;
				CLANG_WARN_BOOL_CONVERSION = YES;
				CLANG_WARN_COMMA = YES;
				CLANG_WARN_CONSTANT_CONVERSION = YES;
				CLANG_WARN_DEPRECATED_OBJC_IMPLEMENTATIONS = YES;
				CLANG_WARN_DIRECT_OBJC_ISA_USAGE = YES_ERROR;
				CLANG_WARN_DOCUMENTATION_COMMENTS = YES;
				CLANG_WARN_EMPTY_BODY = YES;
				CLANG_WARN_ENUM_CONVERSION = YES;
				CLANG_WARN_INFINITE_RECURSION = YES;
				CLANG_WARN_INT_CONVERSION = YES;
				CLANG_WARN_NON_LITERAL_NULL_CONVERSION = YES;
				CLANG_WARN_OBJC_IMPLICIT_RETAIN_SELF = YES;
				CLANG_WARN_OBJC_LITERAL_CONVERSION = YES;
				CLANG_WARN_OBJC_ROOT_CLASS = YES_ERROR;
				CLANG_WARN_QUOTED_INCLUDE_IN_FRAMEWORK_HEADER = YES;
				CLANG_WARN_RANGE_LOOP_ANALYSIS = YES;
				CLANG_WARN_STRICT_PROTOTYPES = YES;
				CLANG_WARN_SUSPICIOUS_MOVE = YES;
				CLANG_WARN_UNGUARDED_AVAILABILITY = YES_AGGRESSIVE;
				CLANG_WARN_UNREACHABLE_CODE = YES;
				CLANG_WARN__DUPLICATE_METHOD_MATCH = YES;
				COPY_PHASE_STRIP = NO;
				DEBUG_INFORMATION_FORMAT = dwarf;
				ENABLE_STRICT_OBJC_MSGSEND = YES;
				ENABLE_TESTABILITY = YES;
				GCC_C_LANGUAGE_STANDARD = gnu11;
				GCC_DYNAMIC_NO_PIC = NO;
				GCC_INPUT_FILETYPE = sourcecode.cpp.objcpp;
				GCC_NO_COMMON_BLOCKS = YES;
				GCC_OPTIMIZATION_LEVEL = 0;
				GCC_PREPROCESSOR_DEFINITIONS = (
					"DEBUG=1",
					"$(inherited)",
				);
				GCC_WARN_64_TO_32_BIT_CONVERSION = YES;
				GCC_WARN_ABOUT_RETURN_TYPE = YES_ERROR;
				GCC_WARN_UNDECLARED_SELECTOR = YES;
				GCC_WARN_UNINITIALIZED_AUTOS = YES_AGGRESSIVE;
				GCC_WARN_UNUSED_FUNCTION = YES;
				GCC_WARN_UNUSED_VARIABLE = YES;
				HEADER_SEARCH_PATHS = (
					.,
					../Thirdparty/fmt/include,
				);
				MACOSX_DEPLOYMENT_TARGET = 12.3;
				MTL_ENABLE_DEBUG_INFO = INCLUDE_SOURCE;
				MTL_FAST_MATH = YES;
				ONLY_ACTIVE_ARCH = YES;
				SDKROOT = macosx;
			};
			name = Debug;
		};
		746B5FFC284CD3D7006D011A /* Release */ = {
			isa = XCBuildConfiguration;
			buildSettings = {
				ALWAYS_SEARCH_USER_PATHS = NO;
				CLANG_ANALYZER_NONNULL = YES;
				CLANG_ANALYZER_NUMBER_OBJECT_CONVERSION = YES_AGGRESSIVE;
				CLANG_CXX_LANGUAGE_STANDARD = "c++20";
				CLANG_ENABLE_MODULES = YES;
				CLANG_ENABLE_OBJC_ARC = YES;
				CLANG_ENABLE_OBJC_WEAK = YES;
				CLANG_WARN_BLOCK_CAPTURE_AUTORELEASING = YES;
				CLANG_WARN_BOOL_CONVERSION = YES;
				CLANG_WARN_COMMA = YES;
				CLANG_WARN_CONSTANT_CONVERSION = YES;
				CLANG_WARN_DEPRECATED_OBJC_IMPLEMENTATIONS = YES;
				CLANG_WARN_DIRECT_OBJC_ISA_USAGE = YES_ERROR;
				CLANG_WARN_DOCUMENTATION_COMMENTS = YES;
				CLANG_WARN_EMPTY_BODY = YES;
				CLANG_WARN_ENUM_CONVERSION = YES;
				CLANG_WARN_INFINITE_RECURSION = YES;
				CLANG_WARN_INT_CONVERSION = YES;
				CLANG_WARN_NON_LITERAL_NULL_CONVERSION = YES;
				CLANG_WARN_OBJC_IMPLICIT_RETAIN_SELF = YES;
				CLANG_WARN_OBJC_LITERAL_CONVERSION = YES;
				CLANG_WARN_OBJC_ROOT_CLASS = YES_ERROR;
				CLANG_WARN_QUOTED_INCLUDE_IN_FRAMEWORK_HEADER = YES;
				CLANG_WARN_RANGE_LOOP_ANALYSIS = YES;
				CLANG_WARN_STRICT_PROTOTYPES = YES;
				CLANG_WARN_SUSPICIOUS_MOVE = YES;
				CLANG_WARN_UNGUARDED_AVAILABILITY = YES_AGGRESSIVE;
				CLANG_WARN_UNREACHABLE_CODE = YES;
				CLANG_WARN__DUPLICATE_METHOD_MATCH = YES;
				COPY_PHASE_STRIP = NO;
				DEBUG_INFORMATION_FORMAT = "dwarf-with-dsym";
				ENABLE_NS_ASSERTIONS = NO;
				ENABLE_STRICT_OBJC_MSGSEND = YES;
				GCC_C_LANGUAGE_STANDARD = gnu11;
				GCC_INPUT_FILETYPE = sourcecode.cpp.objcpp;
				GCC_NO_COMMON_BLOCKS = YES;
				GCC_WARN_64_TO_32_BIT_CONVERSION = YES;
				GCC_WARN_ABOUT_RETURN_TYPE = YES_ERROR;
				GCC_WARN_UNDECLARED_SELECTOR = YES;
				GCC_WARN_UNINITIALIZED_AUTOS = YES_AGGRESSIVE;
				GCC_WARN_UNUSED_FUNCTION = YES;
				GCC_WARN_UNUSED_VARIABLE = YES;
				HEADER_SEARCH_PATHS = (
					.,
					../Thirdparty/fmt/include,
				);
				MACOSX_DEPLOYMENT_TARGET = 12.3;
				MTL_ENABLE_DEBUG_INFO = NO;
				MTL_FAST_MATH = YES;
				SDKROOT = macosx;
			};
			name = Release;
		};
		746B5FFE284CD3D7006D011A /* Debug */ = {
			isa = XCBuildConfiguration;
			buildSettings = {
				CLANG_CXX_LANGUAGE_STANDARD = "c++20";
				CLANG_ENABLE_OBJC_ARC = NO;
				CODE_SIGN_STYLE = Automatic;
				EXECUTABLE_PREFIX = lib;
				PRODUCT_NAME = "$(TARGET_NAME)";
				SKIP_INSTALL = YES;
			};
			name = Debug;
		};
		746B5FFF284CD3D7006D011A /* Release */ = {
			isa = XCBuildConfiguration;
			buildSettings = {
				CLANG_CXX_LANGUAGE_STANDARD = "c++20";
				CLANG_ENABLE_OBJC_ARC = NO;
				CODE_SIGN_STYLE = Automatic;
				EXECUTABLE_PREFIX = lib;
				PRODUCT_NAME = "$(TARGET_NAME)";
				SKIP_INSTALL = YES;
			};
			name = Release;
		};
/* End XCBuildConfiguration section */

/* Begin XCConfigurationList section */
		746B5FEF284CD3D7006D011A /* Build configuration list for PBXProject "WMFramework" */ = {
			isa = XCConfigurationList;
			buildConfigurations = (
				746B5FFB284CD3D7006D011A /* Debug */,
				746B5FFC284CD3D7006D011A /* Release */,
			);
			defaultConfigurationIsVisible = 0;
			defaultConfigurationName = Release;
		};
		746B5FFD284CD3D7006D011A /* Build configuration list for PBXNativeTarget "WMFramework" */ = {
			isa = XCConfigurationList;
			buildConfigurations = (
				746B5FFE284CD3D7006D011A /* Debug */,
				746B5FFF284CD3D7006D011A /* Release */,
			);
			defaultConfigurationIsVisible = 0;
			defaultConfigurationName = Release;
		};
/* End XCConfigurationList section */
	};
	rootObject = 746B5FEC284CD3D7006D011A /* Project object */;
}
