<?xml version="1.0" encoding="utf-8"?>
<Project ToolsVersion="4.0" xmlns="http://schemas.microsoft.com/developer/msbuild/2003">
  <ItemGroup>
    <Filter Include="Application">
      <UniqueIdentifier>{c534a94b-d1ab-48d9-b77f-704d653909c5}</UniqueIdentifier>
    </Filter>
    <Filter Include="Math">
      <UniqueIdentifier>{cb17ef46-d3ed-45e3-bf4b-f7daf2472b54}</UniqueIdentifier>
    </Filter>
    <Filter Include="Log">
      <UniqueIdentifier>{50ae094a-a1fc-4610-81ee-758491302b47}</UniqueIdentifier>
    </Filter>
    <Filter Include="Graphics">
      <UniqueIdentifier>{41dd2d84-bd67-40ef-9f1f-102352e3b858}</UniqueIdentifier>
    </Filter>
    <Filter Include="Graphics\Primitive">
      <UniqueIdentifier>{31a0303f-65fb-44d6-a3b9-5eca31ceeb41}</UniqueIdentifier>
    </Filter>
  </ItemGroup>
  <ItemGroup>
    <ClCompile Include="UnitTestApplication.cpp">
      <Filter>Application</Filter>
    </ClCompile>
    <ClCompile Include="main.cpp" />
    <ClCompile Include="UnitTestVector.cpp">
      <Filter>Math</Filter>
    </ClCompile>
    <ClCompile Include="UnitTestLog.cpp">
      <Filter>Log</Filter>
    </ClCompile>
    <ClCompile Include="UnitTestColor.cpp">
      <Filter>Graphics\Primitive</Filter>
    </ClCompile>
  </ItemGroup>
  <ItemGroup>
    <ClInclude Include="UnitTest.h" />
  </ItemGroup>
</Project>